// !$*UTF8*$!
{
	archiveVersion = 1;
	classes = {
	};
	objectVersion = 56;
	objects = {

/* Begin PBXBuildFile section */
		BE6AF22D2BAF762A009EBEC1 /* Color.swift in Sources */ = {isa = PBXBuildFile; fileRef = BE6AF1FC2BAF762A009EBEC1 /* Color.swift */; };
		BE6AF22E2BAF762A009EBEC1 /* HapticManager.swift in Sources */ = {isa = PBXBuildFile; fileRef = BE6AF1FD2BAF762A009EBEC1 /* HapticManager.swift */; };
		BE6AF22F2BAF762A009EBEC1 /* UnixConversion.swift in Sources */ = {isa = PBXBuildFile; fileRef = BE6AF1FE2BAF762A009EBEC1 /* UnixConversion.swift */; };
		BE6AF2302BAF762A009EBEC1 /* ArduinoModel.swift in Sources */ = {isa = PBXBuildFile; fileRef = BE6AF2002BAF762A009EBEC1 /* ArduinoModel.swift */; };
		BE6AF2312BAF762A009EBEC1 /* ArduinoStatisticsModel.swift in Sources */ = {isa = PBXBuildFile; fileRef = BE6AF2012BAF762A009EBEC1 /* ArduinoStatisticsModel.swift */; };
		BE6AF2322BAF762A009EBEC1 /* FirebaseModel.swift in Sources */ = {isa = PBXBuildFile; fileRef = BE6AF2022BAF762A009EBEC1 /* FirebaseModel.swift */; };
		BE6AF2332BAF762A009EBEC1 /* WeatherModel.swift in Sources */ = {isa = PBXBuildFile; fileRef = BE6AF2032BAF762A009EBEC1 /* WeatherModel.swift */; };
		BE6AF2342BAF762A009EBEC1 /* FirebaseDataService.swift in Sources */ = {isa = PBXBuildFile; fileRef = BE6AF2072BAF762A009EBEC1 /* FirebaseDataService.swift */; };
		BE6AF2352BAF762A009EBEC1 /* FirebaseArduinoControl.swift in Sources */ = {isa = PBXBuildFile; fileRef = BE6AF2092BAF762A009EBEC1 /* FirebaseArduinoControl.swift */; };
		BE6AF2362BAF762A009EBEC1 /* FirebaseArduinoStatistics.swift in Sources */ = {isa = PBXBuildFile; fileRef = BE6AF20A2BAF762A009EBEC1 /* FirebaseArduinoStatistics.swift */; };
		BE6AF2372BAF762A009EBEC1 /* FirebaseCommandPanelControl.swift in Sources */ = {isa = PBXBuildFile; fileRef = BE6AF20B2BAF762A009EBEC1 /* FirebaseCommandPanelControl.swift */; };
		BE6AF2382BAF762A009EBEC1 /* FirebaseDataRetreivalForInterval.swift in Sources */ = {isa = PBXBuildFile; fileRef = BE6AF20C2BAF762A009EBEC1 /* FirebaseDataRetreivalForInterval.swift */; };
		BE6AF2392BAF762A009EBEC1 /* FirebaseRFTransmitter.swift in Sources */ = {isa = PBXBuildFile; fileRef = BE6AF20D2BAF762A009EBEC1 /* FirebaseRFTransmitter.swift */; };
		BE6AF23A2BAF762A009EBEC1 /* FirebaseSolenoidControl.swift in Sources */ = {isa = PBXBuildFile; fileRef = BE6AF20E2BAF762A009EBEC1 /* FirebaseSolenoidControl.swift */; };
		BE6AF23B2BAF762A009EBEC1 /* FirebaseViewModel.swift in Sources */ = {isa = PBXBuildFile; fileRef = BE6AF2102BAF762A009EBEC1 /* FirebaseViewModel.swift */; };
		BE6AF23C2BAF762A009EBEC1 /* UserSettings.swift in Sources */ = {isa = PBXBuildFile; fileRef = BE6AF2112BAF762A009EBEC1 /* UserSettings.swift */; };
		BE6AF23D2BAF762A009EBEC1 /* CameraSettingsView.swift in Sources */ = {isa = PBXBuildFile; fileRef = BE6AF2132BAF762A009EBEC1 /* CameraSettingsView.swift */; };
		BE6AF23E2BAF762A009EBEC1 /* RTSPStreamView.swift in Sources */ = {isa = PBXBuildFile; fileRef = BE6AF2142BAF762A009EBEC1 /* RTSPStreamView.swift */; };
		BE6AF23F2BAF762A009EBEC1 /* Test2ColorPicker.swift in Sources */ = {isa = PBXBuildFile; fileRef = BE6AF2152BAF762A009EBEC1 /* Test2ColorPicker.swift */; };
		BE6AF2402BAF762A009EBEC1 /* TESTArduinoColorPicker.swift in Sources */ = {isa = PBXBuildFile; fileRef = BE6AF2162BAF762A009EBEC1 /* TESTArduinoColorPicker.swift */; };
		BE6AF2412BAF762A009EBEC1 /* ArduinoStatisticsView.swift in Sources */ = {isa = PBXBuildFile; fileRef = BE6AF2182BAF762A009EBEC1 /* ArduinoStatisticsView.swift */; };
		BE6AF2422BAF762A009EBEC1 /* CommandPanelView.swift in Sources */ = {isa = PBXBuildFile; fileRef = BE6AF2192BAF762A009EBEC1 /* CommandPanelView.swift */; };
		BE6AF2432BAF762A009EBEC1 /* GenericDetailView.swift in Sources */ = {isa = PBXBuildFile; fileRef = BE6AF21A2BAF762A009EBEC1 /* GenericDetailView.swift */; };
		BE6AF2442BAF762A009EBEC1 /* GenericViewSettings.swift in Sources */ = {isa = PBXBuildFile; fileRef = BE6AF21B2BAF762A009EBEC1 /* GenericViewSettings.swift */; };
		BE6AF2452BAF762A009EBEC1 /* WeatherKitViewTest.swift in Sources */ = {isa = PBXBuildFile; fileRef = BE6AF21C2BAF762A009EBEC1 /* WeatherKitViewTest.swift */; };
		BE6AF2462BAF762A009EBEC1 /* ArduinoControlView.swift in Sources */ = {isa = PBXBuildFile; fileRef = BE6AF21E2BAF762A009EBEC1 /* ArduinoControlView.swift */; };
		BE6AF2472BAF762A009EBEC1 /* FirebaseHomeView.swift in Sources */ = {isa = PBXBuildFile; fileRef = BE6AF21F2BAF762A009EBEC1 /* FirebaseHomeView.swift */; };
		BE6AF2482BAF762A009EBEC1 /* FirebaseListRowView.swift in Sources */ = {isa = PBXBuildFile; fileRef = BE6AF2202BAF762A009EBEC1 /* FirebaseListRowView.swift */; };
		BE6AF2492BAF762A009EBEC1 /* FirebaseTestFunction.swift in Sources */ = {isa = PBXBuildFile; fileRef = BE6AF2212BAF762A009EBEC1 /* FirebaseTestFunction.swift */; };
		BE6AF24A2BAF762A009EBEC1 /* RFRemoteView.swift in Sources */ = {isa = PBXBuildFile; fileRef = BE6AF2222BAF762A009EBEC1 /* RFRemoteView.swift */; };
		BE6AF24B2BAF762A009EBEC1 /* SolenoidControlView.swift in Sources */ = {isa = PBXBuildFile; fileRef = BE6AF2232BAF762A009EBEC1 /* SolenoidControlView.swift */; };
		BE6AF24C2BAF762A009EBEC1 /* SystemStatusView.swift in Sources */ = {isa = PBXBuildFile; fileRef = BE6AF2242BAF762A009EBEC1 /* SystemStatusView.swift */; };
		BE6AF24D2BAF762A009EBEC1 /* LaunchScreen.storyboard in Resources */ = {isa = PBXBuildFile; fileRef = BE6AF2262BAF762A009EBEC1 /* LaunchScreen.storyboard */; };
		BE6AF24E2BAF762A009EBEC1 /* LaunchView.swift in Sources */ = {isa = PBXBuildFile; fileRef = BE6AF2272BAF762A009EBEC1 /* LaunchView.swift */; };
		BE6AF24F2BAF762A009EBEC1 /* Assets.xcassets in Resources */ = {isa = PBXBuildFile; fileRef = BE6AF22A2BAF762A009EBEC1 /* Assets.xcassets */; };
		BE6AF2532BAF76EE009EBEC1 /* FirebaseAuth in Frameworks */ = {isa = PBXBuildFile; productRef = BE6AF2522BAF76EE009EBEC1 /* FirebaseAuth */; };
		BE6AF2552BAF76EE009EBEC1 /* FirebaseDatabase in Frameworks */ = {isa = PBXBuildFile; productRef = BE6AF2542BAF76EE009EBEC1 /* FirebaseDatabase */; };
		BE6AF2572BAF76EE009EBEC1 /* FirebaseDatabaseSwift-Beta in Frameworks */ = {isa = PBXBuildFile; productRef = BE6AF2562BAF76EE009EBEC1 /* FirebaseDatabaseSwift-Beta */; };
		BE6AF2592BAF76EE009EBEC1 /* FirebaseStorage in Frameworks */ = {isa = PBXBuildFile; productRef = BE6AF2582BAF76EE009EBEC1 /* FirebaseStorage */; };
		BE6AF25B2BAF76EE009EBEC1 /* FirebaseStorageSwift-Beta in Frameworks */ = {isa = PBXBuildFile; productRef = BE6AF25A2BAF76EE009EBEC1 /* FirebaseStorageSwift-Beta */; };
		BE6AF25E2BAF7825009EBEC1 /* SwiftUICharts in Frameworks */ = {isa = PBXBuildFile; productRef = BE6AF25D2BAF7825009EBEC1 /* SwiftUICharts */; };
		BE6AF2612BAF784A009EBEC1 /* Collections in Frameworks */ = {isa = PBXBuildFile; productRef = BE6AF2602BAF784A009EBEC1 /* Collections */; };
		BE6AF2632BAF784A009EBEC1 /* DequeModule in Frameworks */ = {isa = PBXBuildFile; productRef = BE6AF2622BAF784A009EBEC1 /* DequeModule */; };
		BE6AF2652BAF784A009EBEC1 /* OrderedCollections in Frameworks */ = {isa = PBXBuildFile; productRef = BE6AF2642BAF784A009EBEC1 /* OrderedCollections */; };
		BE6AF2672BAF7A08009EBEC1 /* Constants.swift in Sources */ = {isa = PBXBuildFile; fileRef = BE6AF2662BAF7A08009EBEC1 /* Constants.swift */; };
		BE6AF2692BAF7ABA009EBEC1 /* Project_Shangri_LaApp.swift in Sources */ = {isa = PBXBuildFile; fileRef = BE6AF2682BAF7ABA009EBEC1 /* Project_Shangri_LaApp.swift */; };
		BE6AF26B2BAF7BE5009EBEC1 /* GoogleService-Info.plist in Resources */ = {isa = PBXBuildFile; fileRef = BE6AF26A2BAF7BE5009EBEC1 /* GoogleService-Info.plist */; };
		CDEDB58329F5EE935AB0FDF3 /* Pods_Project_Shangri_La.framework in Frameworks */ = {isa = PBXBuildFile; fileRef = 5EFB6587E1E790A401430FD1 /* Pods_Project_Shangri_La.framework */; };
/* End PBXBuildFile section */

/* Begin PBXFileReference section */
		06197D0EA1ED6CB8F535253F /* Pods-Project-Shangri-La.debug.xcconfig */ = {isa = PBXFileReference; includeInIndex = 1; lastKnownFileType = text.xcconfig; name = "Pods-Project-Shangri-La.debug.xcconfig"; path = "Target Support Files/Pods-Project-Shangri-La/Pods-Project-Shangri-La.debug.xcconfig"; sourceTree = "<group>"; };
		50313E9E2ABD8B9C4D99A75E /* Pods-Project-Shangri-La.release.xcconfig */ = {isa = PBXFileReference; includeInIndex = 1; lastKnownFileType = text.xcconfig; name = "Pods-Project-Shangri-La.release.xcconfig"; path = "Target Support Files/Pods-Project-Shangri-La/Pods-Project-Shangri-La.release.xcconfig"; sourceTree = "<group>"; };
		5EFB6587E1E790A401430FD1 /* Pods_Project_Shangri_La.framework */ = {isa = PBXFileReference; explicitFileType = wrapper.framework; includeInIndex = 0; path = Pods_Project_Shangri_La.framework; sourceTree = BUILT_PRODUCTS_DIR; };
		BE6AF1EB2BAF71C6009EBEC1 /* Project-Shangri-La.app */ = {isa = PBXFileReference; explicitFileType = wrapper.application; includeInIndex = 0; path = "Project-Shangri-La.app"; sourceTree = BUILT_PRODUCTS_DIR; };
		BE6AF1FC2BAF762A009EBEC1 /* Color.swift */ = {isa = PBXFileReference; fileEncoding = 4; lastKnownFileType = sourcecode.swift; path = Color.swift; sourceTree = "<group>"; };
		BE6AF1FD2BAF762A009EBEC1 /* HapticManager.swift */ = {isa = PBXFileReference; fileEncoding = 4; lastKnownFileType = sourcecode.swift; path = HapticManager.swift; sourceTree = "<group>"; };
		BE6AF1FE2BAF762A009EBEC1 /* UnixConversion.swift */ = {isa = PBXFileReference; fileEncoding = 4; lastKnownFileType = sourcecode.swift; path = UnixConversion.swift; sourceTree = "<group>"; };
		BE6AF2002BAF762A009EBEC1 /* ArduinoModel.swift */ = {isa = PBXFileReference; fileEncoding = 4; lastKnownFileType = sourcecode.swift; path = ArduinoModel.swift; sourceTree = "<group>"; };
		BE6AF2012BAF762A009EBEC1 /* ArduinoStatisticsModel.swift */ = {isa = PBXFileReference; fileEncoding = 4; lastKnownFileType = sourcecode.swift; path = ArduinoStatisticsModel.swift; sourceTree = "<group>"; };
		BE6AF2022BAF762A009EBEC1 /* FirebaseModel.swift */ = {isa = PBXFileReference; fileEncoding = 4; lastKnownFileType = sourcecode.swift; path = FirebaseModel.swift; sourceTree = "<group>"; };
		BE6AF2032BAF762A009EBEC1 /* WeatherModel.swift */ = {isa = PBXFileReference; fileEncoding = 4; lastKnownFileType = sourcecode.swift; path = WeatherModel.swift; sourceTree = "<group>"; };
		BE6AF2072BAF762A009EBEC1 /* FirebaseDataService.swift */ = {isa = PBXFileReference; fileEncoding = 4; lastKnownFileType = sourcecode.swift; path = FirebaseDataService.swift; sourceTree = "<group>"; };
		BE6AF2092BAF762A009EBEC1 /* FirebaseArduinoControl.swift */ = {isa = PBXFileReference; fileEncoding = 4; lastKnownFileType = sourcecode.swift; path = FirebaseArduinoControl.swift; sourceTree = "<group>"; };
		BE6AF20A2BAF762A009EBEC1 /* FirebaseArduinoStatistics.swift */ = {isa = PBXFileReference; fileEncoding = 4; lastKnownFileType = sourcecode.swift; path = FirebaseArduinoStatistics.swift; sourceTree = "<group>"; };
		BE6AF20B2BAF762A009EBEC1 /* FirebaseCommandPanelControl.swift */ = {isa = PBXFileReference; fileEncoding = 4; lastKnownFileType = sourcecode.swift; path = FirebaseCommandPanelControl.swift; sourceTree = "<group>"; };
		BE6AF20C2BAF762A009EBEC1 /* FirebaseDataRetreivalForInterval.swift */ = {isa = PBXFileReference; fileEncoding = 4; lastKnownFileType = sourcecode.swift; path = FirebaseDataRetreivalForInterval.swift; sourceTree = "<group>"; };
		BE6AF20D2BAF762A009EBEC1 /* FirebaseRFTransmitter.swift */ = {isa = PBXFileReference; fileEncoding = 4; lastKnownFileType = sourcecode.swift; path = FirebaseRFTransmitter.swift; sourceTree = "<group>"; };
		BE6AF20E2BAF762A009EBEC1 /* FirebaseSolenoidControl.swift */ = {isa = PBXFileReference; fileEncoding = 4; lastKnownFileType = sourcecode.swift; path = FirebaseSolenoidControl.swift; sourceTree = "<group>"; };
		BE6AF2102BAF762A009EBEC1 /* FirebaseViewModel.swift */ = {isa = PBXFileReference; fileEncoding = 4; lastKnownFileType = sourcecode.swift; path = FirebaseViewModel.swift; sourceTree = "<group>"; };
		BE6AF2112BAF762A009EBEC1 /* UserSettings.swift */ = {isa = PBXFileReference; fileEncoding = 4; lastKnownFileType = sourcecode.swift; path = UserSettings.swift; sourceTree = "<group>"; };
		BE6AF2132BAF762A009EBEC1 /* CameraSettingsView.swift */ = {isa = PBXFileReference; fileEncoding = 4; lastKnownFileType = sourcecode.swift; path = CameraSettingsView.swift; sourceTree = "<group>"; };
		BE6AF2142BAF762A009EBEC1 /* RTSPStreamView.swift */ = {isa = PBXFileReference; fileEncoding = 4; lastKnownFileType = sourcecode.swift; path = RTSPStreamView.swift; sourceTree = "<group>"; };
		BE6AF2152BAF762A009EBEC1 /* Test2ColorPicker.swift */ = {isa = PBXFileReference; fileEncoding = 4; lastKnownFileType = sourcecode.swift; path = Test2ColorPicker.swift; sourceTree = "<group>"; };
		BE6AF2162BAF762A009EBEC1 /* TESTArduinoColorPicker.swift */ = {isa = PBXFileReference; fileEncoding = 4; lastKnownFileType = sourcecode.swift; path = TESTArduinoColorPicker.swift; sourceTree = "<group>"; };
		BE6AF2182BAF762A009EBEC1 /* ArduinoStatisticsView.swift */ = {isa = PBXFileReference; fileEncoding = 4; lastKnownFileType = sourcecode.swift; path = ArduinoStatisticsView.swift; sourceTree = "<group>"; };
		BE6AF2192BAF762A009EBEC1 /* CommandPanelView.swift */ = {isa = PBXFileReference; fileEncoding = 4; lastKnownFileType = sourcecode.swift; path = CommandPanelView.swift; sourceTree = "<group>"; };
		BE6AF21A2BAF762A009EBEC1 /* GenericDetailView.swift */ = {isa = PBXFileReference; fileEncoding = 4; lastKnownFileType = sourcecode.swift; path = GenericDetailView.swift; sourceTree = "<group>"; };
		BE6AF21B2BAF762A009EBEC1 /* GenericViewSettings.swift */ = {isa = PBXFileReference; fileEncoding = 4; lastKnownFileType = sourcecode.swift; path = GenericViewSettings.swift; sourceTree = "<group>"; };
		BE6AF21C2BAF762A009EBEC1 /* WeatherKitViewTest.swift */ = {isa = PBXFileReference; fileEncoding = 4; lastKnownFileType = sourcecode.swift; path = WeatherKitViewTest.swift; sourceTree = "<group>"; };
		BE6AF21E2BAF762A009EBEC1 /* ArduinoControlView.swift */ = {isa = PBXFileReference; fileEncoding = 4; lastKnownFileType = sourcecode.swift; path = ArduinoControlView.swift; sourceTree = "<group>"; };
		BE6AF21F2BAF762A009EBEC1 /* FirebaseHomeView.swift */ = {isa = PBXFileReference; fileEncoding = 4; lastKnownFileType = sourcecode.swift; path = FirebaseHomeView.swift; sourceTree = "<group>"; };
		BE6AF2202BAF762A009EBEC1 /* FirebaseListRowView.swift */ = {isa = PBXFileReference; fileEncoding = 4; lastKnownFileType = sourcecode.swift; path = FirebaseListRowView.swift; sourceTree = "<group>"; };
		BE6AF2212BAF762A009EBEC1 /* FirebaseTestFunction.swift */ = {isa = PBXFileReference; fileEncoding = 4; lastKnownFileType = sourcecode.swift; path = FirebaseTestFunction.swift; sourceTree = "<group>"; };
		BE6AF2222BAF762A009EBEC1 /* RFRemoteView.swift */ = {isa = PBXFileReference; fileEncoding = 4; lastKnownFileType = sourcecode.swift; path = RFRemoteView.swift; sourceTree = "<group>"; };
		BE6AF2232BAF762A009EBEC1 /* SolenoidControlView.swift */ = {isa = PBXFileReference; fileEncoding = 4; lastKnownFileType = sourcecode.swift; path = SolenoidControlView.swift; sourceTree = "<group>"; };
		BE6AF2242BAF762A009EBEC1 /* SystemStatusView.swift */ = {isa = PBXFileReference; fileEncoding = 4; lastKnownFileType = sourcecode.swift; path = SystemStatusView.swift; sourceTree = "<group>"; };
		BE6AF2262BAF762A009EBEC1 /* LaunchScreen.storyboard */ = {isa = PBXFileReference; fileEncoding = 4; lastKnownFileType = file.storyboard; path = LaunchScreen.storyboard; sourceTree = "<group>"; };
		BE6AF2272BAF762A009EBEC1 /* LaunchView.swift */ = {isa = PBXFileReference; fileEncoding = 4; lastKnownFileType = sourcecode.swift; path = LaunchView.swift; sourceTree = "<group>"; };
		BE6AF22A2BAF762A009EBEC1 /* Assets.xcassets */ = {isa = PBXFileReference; lastKnownFileType = folder.assetcatalog; path = Assets.xcassets; sourceTree = "<group>"; };
		BE6AF2662BAF7A08009EBEC1 /* Constants.swift */ = {isa = PBXFileReference; fileEncoding = 4; lastKnownFileType = sourcecode.swift; path = Constants.swift; sourceTree = "<group>"; };
		BE6AF2682BAF7ABA009EBEC1 /* Project_Shangri_LaApp.swift */ = {isa = PBXFileReference; fileEncoding = 4; lastKnownFileType = sourcecode.swift; path = Project_Shangri_LaApp.swift; sourceTree = "<group>"; };
		BE6AF26A2BAF7BE5009EBEC1 /* GoogleService-Info.plist */ = {isa = PBXFileReference; fileEncoding = 4; lastKnownFileType = text.plist.xml; path = "GoogleService-Info.plist"; sourceTree = "<group>"; };
/* End PBXFileReference section */

/* Begin PBXFrameworksBuildPhase section */
		BE6AF1E82BAF71C6009EBEC1 /* Frameworks */ = {
			isa = PBXFrameworksBuildPhase;
			buildActionMask = 2147483647;
			files = (
				BE6AF2612BAF784A009EBEC1 /* Collections in Frameworks */,
				BE6AF25B2BAF76EE009EBEC1 /* FirebaseStorageSwift-Beta in Frameworks */,
				BE6AF2572BAF76EE009EBEC1 /* FirebaseDatabaseSwift-Beta in Frameworks */,
				BE6AF2592BAF76EE009EBEC1 /* FirebaseStorage in Frameworks */,
				BE6AF25E2BAF7825009EBEC1 /* SwiftUICharts in Frameworks */,
				BE6AF2652BAF784A009EBEC1 /* OrderedCollections in Frameworks */,
				BE6AF2632BAF784A009EBEC1 /* DequeModule in Frameworks */,
				BE6AF2552BAF76EE009EBEC1 /* FirebaseDatabase in Frameworks */,
				BE6AF2532BAF76EE009EBEC1 /* FirebaseAuth in Frameworks */,
				CDEDB58329F5EE935AB0FDF3 /* Pods_Project_Shangri_La.framework in Frameworks */,
			);
			runOnlyForDeploymentPostprocessing = 0;
		};
/* End PBXFrameworksBuildPhase section */

/* Begin PBXGroup section */
		6DC6978F022FC78794B20D47 /* Frameworks */ = {
			isa = PBXGroup;
			children = (
				5EFB6587E1E790A401430FD1 /* Pods_Project_Shangri_La.framework */,
			);
			name = Frameworks;
			sourceTree = "<group>";
		};
		7D9710A3F00C61A9DE64717C /* Pods */ = {
			isa = PBXGroup;
			children = (
				06197D0EA1ED6CB8F535253F /* Pods-Project-Shangri-La.debug.xcconfig */,
				50313E9E2ABD8B9C4D99A75E /* Pods-Project-Shangri-La.release.xcconfig */,
			);
			path = Pods;
			sourceTree = "<group>";
		};
		BE6AF1E22BAF71C6009EBEC1 = {
			isa = PBXGroup;
			children = (
				BE6AF22C2BAF762A009EBEC1 /* App */,
				BE6AF1EC2BAF71C6009EBEC1 /* Products */,
				6DC6978F022FC78794B20D47 /* Frameworks */,
				7D9710A3F00C61A9DE64717C /* Pods */,
			);
			sourceTree = "<group>";
		};
		BE6AF1EC2BAF71C6009EBEC1 /* Products */ = {
			isa = PBXGroup;
			children = (
				BE6AF1EB2BAF71C6009EBEC1 /* Project-Shangri-La.app */,
			);
			name = Products;
			sourceTree = "<group>";
		};
		BE6AF1FF2BAF762A009EBEC1 /* Extensions */ = {
			isa = PBXGroup;
			children = (
				BE6AF2662BAF7A08009EBEC1 /* Constants.swift */,
				BE6AF1FC2BAF762A009EBEC1 /* Color.swift */,
				BE6AF1FD2BAF762A009EBEC1 /* HapticManager.swift */,
				BE6AF1FE2BAF762A009EBEC1 /* UnixConversion.swift */,
			);
			path = Extensions;
			sourceTree = "<group>";
		};
		BE6AF2042BAF762A009EBEC1 /* Models */ = {
			isa = PBXGroup;
			children = (
				BE6AF2002BAF762A009EBEC1 /* ArduinoModel.swift */,
				BE6AF2012BAF762A009EBEC1 /* ArduinoStatisticsModel.swift */,
				BE6AF2022BAF762A009EBEC1 /* FirebaseModel.swift */,
				BE6AF2032BAF762A009EBEC1 /* WeatherModel.swift */,
			);
			path = Models;
			sourceTree = "<group>";
		};
		BE6AF2082BAF762A009EBEC1 /* ServicesOldFiles */ = {
			isa = PBXGroup;
			children = (
				BE6AF2072BAF762A009EBEC1 /* FirebaseDataService.swift */,
			);
			path = ServicesOldFiles;
			sourceTree = "<group>";
		};
		BE6AF20F2BAF762A009EBEC1 /* Services */ = {
			isa = PBXGroup;
			children = (
				BE6AF2082BAF762A009EBEC1 /* ServicesOldFiles */,
				BE6AF2092BAF762A009EBEC1 /* FirebaseArduinoControl.swift */,
				BE6AF20A2BAF762A009EBEC1 /* FirebaseArduinoStatistics.swift */,
				BE6AF20B2BAF762A009EBEC1 /* FirebaseCommandPanelControl.swift */,
				BE6AF20C2BAF762A009EBEC1 /* FirebaseDataRetreivalForInterval.swift */,
				BE6AF20D2BAF762A009EBEC1 /* FirebaseRFTransmitter.swift */,
				BE6AF20E2BAF762A009EBEC1 /* FirebaseSolenoidControl.swift */,
			);
			path = Services;
			sourceTree = "<group>";
		};
		BE6AF2122BAF762A009EBEC1 /* ViewModels */ = {
			isa = PBXGroup;
			children = (
				BE6AF2102BAF762A009EBEC1 /* FirebaseViewModel.swift */,
				BE6AF2112BAF762A009EBEC1 /* UserSettings.swift */,
			);
			path = ViewModels;
			sourceTree = "<group>";
		};
		BE6AF2172BAF762A009EBEC1 /* CameraView */ = {
			isa = PBXGroup;
			children = (
				BE6AF2132BAF762A009EBEC1 /* CameraSettingsView.swift */,
				BE6AF2142BAF762A009EBEC1 /* RTSPStreamView.swift */,
				BE6AF2152BAF762A009EBEC1 /* Test2ColorPicker.swift */,
				BE6AF2162BAF762A009EBEC1 /* TESTArduinoColorPicker.swift */,
			);
			path = CameraView;
			sourceTree = "<group>";
		};
		BE6AF21D2BAF762A009EBEC1 /* DetailView */ = {
			isa = PBXGroup;
			children = (
				BE6AF2182BAF762A009EBEC1 /* ArduinoStatisticsView.swift */,
				BE6AF2192BAF762A009EBEC1 /* CommandPanelView.swift */,
				BE6AF21A2BAF762A009EBEC1 /* GenericDetailView.swift */,
				BE6AF21B2BAF762A009EBEC1 /* GenericViewSettings.swift */,
				BE6AF21C2BAF762A009EBEC1 /* WeatherKitViewTest.swift */,
			);
			path = DetailView;
			sourceTree = "<group>";
		};
		BE6AF2252BAF762A009EBEC1 /* HomeView */ = {
			isa = PBXGroup;
			children = (
				BE6AF21E2BAF762A009EBEC1 /* ArduinoControlView.swift */,
				BE6AF21F2BAF762A009EBEC1 /* FirebaseHomeView.swift */,
				BE6AF2202BAF762A009EBEC1 /* FirebaseListRowView.swift */,
				BE6AF2212BAF762A009EBEC1 /* FirebaseTestFunction.swift */,
				BE6AF2222BAF762A009EBEC1 /* RFRemoteView.swift */,
				BE6AF2232BAF762A009EBEC1 /* SolenoidControlView.swift */,
				BE6AF2242BAF762A009EBEC1 /* SystemStatusView.swift */,
			);
			path = HomeView;
			sourceTree = "<group>";
		};
		BE6AF2282BAF762A009EBEC1 /* LaunchScreen */ = {
			isa = PBXGroup;
			children = (
				BE6AF2262BAF762A009EBEC1 /* LaunchScreen.storyboard */,
				BE6AF2272BAF762A009EBEC1 /* LaunchView.swift */,
			);
			path = LaunchScreen;
			sourceTree = "<group>";
		};
		BE6AF2292BAF762A009EBEC1 /* Views */ = {
			isa = PBXGroup;
			children = (
				BE6AF2172BAF762A009EBEC1 /* CameraView */,
				BE6AF21D2BAF762A009EBEC1 /* DetailView */,
				BE6AF2252BAF762A009EBEC1 /* HomeView */,
				BE6AF2282BAF762A009EBEC1 /* LaunchScreen */,
			);
			path = Views;
			sourceTree = "<group>";
		};
		BE6AF22C2BAF762A009EBEC1 /* App */ = {
			isa = PBXGroup;
			children = (
				BE6AF26A2BAF7BE5009EBEC1 /* GoogleService-Info.plist */,
				BE6AF1FF2BAF762A009EBEC1 /* Extensions */,
				BE6AF2042BAF762A009EBEC1 /* Models */,
				BE6AF20F2BAF762A009EBEC1 /* Services */,
				BE6AF2122BAF762A009EBEC1 /* ViewModels */,
				BE6AF2292BAF762A009EBEC1 /* Views */,
				BE6AF22A2BAF762A009EBEC1 /* Assets.xcassets */,
				BE6AF2682BAF7ABA009EBEC1 /* Project_Shangri_LaApp.swift */,
			);
			path = App;
			sourceTree = "<group>";
		};
/* End PBXGroup section */

/* Begin PBXNativeTarget section */
		BE6AF1EA2BAF71C6009EBEC1 /* Project-Shangri-La */ = {
			isa = PBXNativeTarget;
			buildConfigurationList = BE6AF1F92BAF71C7009EBEC1 /* Build configuration list for PBXNativeTarget "Project-Shangri-La" */;
			buildPhases = (
				90258EA4D86E3D2F1384A04E /* [CP] Check Pods Manifest.lock */,
				BE6AF1E72BAF71C6009EBEC1 /* Sources */,
				BE6AF1E82BAF71C6009EBEC1 /* Frameworks */,
				BE6AF1E92BAF71C6009EBEC1 /* Resources */,
				E7368F0C3C343ED1794FA750 /* [CP] Embed Pods Frameworks */,
			);
			buildRules = (
			);
			dependencies = (
			);
			name = "Project-Shangri-La";
			packageProductDependencies = (
				BE6AF2522BAF76EE009EBEC1 /* FirebaseAuth */,
				BE6AF2542BAF76EE009EBEC1 /* FirebaseDatabase */,
				BE6AF2562BAF76EE009EBEC1 /* FirebaseDatabaseSwift-Beta */,
				BE6AF2582BAF76EE009EBEC1 /* FirebaseStorage */,
				BE6AF25A2BAF76EE009EBEC1 /* FirebaseStorageSwift-Beta */,
				BE6AF25D2BAF7825009EBEC1 /* SwiftUICharts */,
				BE6AF2602BAF784A009EBEC1 /* Collections */,
				BE6AF2622BAF784A009EBEC1 /* DequeModule */,
				BE6AF2642BAF784A009EBEC1 /* OrderedCollections */,
			);
			productName = "Project-Shangri-La";
			productReference = BE6AF1EB2BAF71C6009EBEC1 /* Project-Shangri-La.app */;
			productType = "com.apple.product-type.application";
		};
/* End PBXNativeTarget section */

/* Begin PBXProject section */
		BE6AF1E32BAF71C6009EBEC1 /* Project object */ = {
			isa = PBXProject;
			attributes = {
				BuildIndependentTargetsInParallel = 1;
				LastSwiftUpdateCheck = 1530;
				LastUpgradeCheck = 1530;
				TargetAttributes = {
					BE6AF1EA2BAF71C6009EBEC1 = {
						CreatedOnToolsVersion = 15.3;
					};
				};
			};
			buildConfigurationList = BE6AF1E62BAF71C6009EBEC1 /* Build configuration list for PBXProject "Project-Shangri-La" */;
			compatibilityVersion = "Xcode 14.0";
			developmentRegion = en;
			hasScannedForEncodings = 0;
			knownRegions = (
				en,
				Base,
			);
			mainGroup = BE6AF1E22BAF71C6009EBEC1;
			packageReferences = (
				BE6AF2512BAF76EE009EBEC1 /* XCRemoteSwiftPackageReference "firebase-ios-sdk" */,
				BE6AF25C2BAF7825009EBEC1 /* XCRemoteSwiftPackageReference "ChartView" */,
				BE6AF25F2BAF784A009EBEC1 /* XCRemoteSwiftPackageReference "swift-collections" */,
			);
			productRefGroup = BE6AF1EC2BAF71C6009EBEC1 /* Products */;
			projectDirPath = "";
			projectRoot = "";
			targets = (
				BE6AF1EA2BAF71C6009EBEC1 /* Project-Shangri-La */,
			);
		};
/* End PBXProject section */

/* Begin PBXResourcesBuildPhase section */
		BE6AF1E92BAF71C6009EBEC1 /* Resources */ = {
			isa = PBXResourcesBuildPhase;
			buildActionMask = 2147483647;
			files = (
				BE6AF24D2BAF762A009EBEC1 /* LaunchScreen.storyboard in Resources */,
				BE6AF26B2BAF7BE5009EBEC1 /* GoogleService-Info.plist in Resources */,
				BE6AF24F2BAF762A009EBEC1 /* Assets.xcassets in Resources */,
			);
			runOnlyForDeploymentPostprocessing = 0;
		};
/* End PBXResourcesBuildPhase section */

/* Begin PBXShellScriptBuildPhase section */
		90258EA4D86E3D2F1384A04E /* [CP] Check Pods Manifest.lock */ = {
			isa = PBXShellScriptBuildPhase;
			buildActionMask = 2147483647;
			files = (
			);
			inputFileListPaths = (
			);
			inputPaths = (
				"${PODS_PODFILE_DIR_PATH}/Podfile.lock",
				"${PODS_ROOT}/Manifest.lock",
			);
			name = "[CP] Check Pods Manifest.lock";
			outputFileListPaths = (
			);
			outputPaths = (
				"$(DERIVED_FILE_DIR)/Pods-Project-Shangri-La-checkManifestLockResult.txt",
			);
			runOnlyForDeploymentPostprocessing = 0;
			shellPath = /bin/sh;
			shellScript = "diff \"${PODS_PODFILE_DIR_PATH}/Podfile.lock\" \"${PODS_ROOT}/Manifest.lock\" > /dev/null\nif [ $? != 0 ] ; then\n    # print error to STDERR\n    echo \"error: The sandbox is not in sync with the Podfile.lock. Run 'pod install' or update your CocoaPods installation.\" >&2\n    exit 1\nfi\n# This output is used by Xcode 'outputs' to avoid re-running this script phase.\necho \"SUCCESS\" > \"${SCRIPT_OUTPUT_FILE_0}\"\n";
			showEnvVarsInLog = 0;
		};
		E7368F0C3C343ED1794FA750 /* [CP] Embed Pods Frameworks */ = {
			isa = PBXShellScriptBuildPhase;
			buildActionMask = 2147483647;
			files = (
			);
			inputFileListPaths = (
				"${PODS_ROOT}/Target Support Files/Pods-Project-Shangri-La/Pods-Project-Shangri-La-frameworks-${CONFIGURATION}-input-files.xcfilelist",
			);
			name = "[CP] Embed Pods Frameworks";
			outputFileListPaths = (
				"${PODS_ROOT}/Target Support Files/Pods-Project-Shangri-La/Pods-Project-Shangri-La-frameworks-${CONFIGURATION}-output-files.xcfilelist",
			);
			runOnlyForDeploymentPostprocessing = 0;
			shellPath = /bin/sh;
			shellScript = "\"${PODS_ROOT}/Target Support Files/Pods-Project-Shangri-La/Pods-Project-Shangri-La-frameworks.sh\"\n";
			showEnvVarsInLog = 0;
		};
/* End PBXShellScriptBuildPhase section */

/* Begin PBXSourcesBuildPhase section */
		BE6AF1E72BAF71C6009EBEC1 /* Sources */ = {
			isa = PBXSourcesBuildPhase;
			buildActionMask = 2147483647;
			files = (
				BE6AF23F2BAF762A009EBEC1 /* Test2ColorPicker.swift in Sources */,
				BE6AF2322BAF762A009EBEC1 /* FirebaseModel.swift in Sources */,
				BE6AF24C2BAF762A009EBEC1 /* SystemStatusView.swift in Sources */,
				BE6AF2492BAF762A009EBEC1 /* FirebaseTestFunction.swift in Sources */,
				BE6AF2422BAF762A009EBEC1 /* CommandPanelView.swift in Sources */,
				BE6AF2402BAF762A009EBEC1 /* TESTArduinoColorPicker.swift in Sources */,
				BE6AF23B2BAF762A009EBEC1 /* FirebaseViewModel.swift in Sources */,
				BE6AF2392BAF762A009EBEC1 /* FirebaseRFTransmitter.swift in Sources */,
				BE6AF2692BAF7ABA009EBEC1 /* Project_Shangri_LaApp.swift in Sources */,
				BE6AF23D2BAF762A009EBEC1 /* CameraSettingsView.swift in Sources */,
				BE6AF2452BAF762A009EBEC1 /* WeatherKitViewTest.swift in Sources */,
				BE6AF2442BAF762A009EBEC1 /* GenericViewSettings.swift in Sources */,
				BE6AF24A2BAF762A009EBEC1 /* RFRemoteView.swift in Sources */,
				BE6AF22E2BAF762A009EBEC1 /* HapticManager.swift in Sources */,
				BE6AF2432BAF762A009EBEC1 /* GenericDetailView.swift in Sources */,
				BE6AF2362BAF762A009EBEC1 /* FirebaseArduinoStatistics.swift in Sources */,
				BE6AF2332BAF762A009EBEC1 /* WeatherModel.swift in Sources */,
				BE6AF2412BAF762A009EBEC1 /* ArduinoStatisticsView.swift in Sources */,
				BE6AF24B2BAF762A009EBEC1 /* SolenoidControlView.swift in Sources */,
				BE6AF23A2BAF762A009EBEC1 /* FirebaseSolenoidControl.swift in Sources */,
				BE6AF2472BAF762A009EBEC1 /* FirebaseHomeView.swift in Sources */,
				BE6AF2382BAF762A009EBEC1 /* FirebaseDataRetreivalForInterval.swift in Sources */,
				BE6AF2312BAF762A009EBEC1 /* ArduinoStatisticsModel.swift in Sources */,
				BE6AF2352BAF762A009EBEC1 /* FirebaseArduinoControl.swift in Sources */,
				BE6AF2342BAF762A009EBEC1 /* FirebaseDataService.swift in Sources */,
				BE6AF2462BAF762A009EBEC1 /* ArduinoControlView.swift in Sources */,
				BE6AF23C2BAF762A009EBEC1 /* UserSettings.swift in Sources */,
				BE6AF22F2BAF762A009EBEC1 /* UnixConversion.swift in Sources */,
				BE6AF2372BAF762A009EBEC1 /* FirebaseCommandPanelControl.swift in Sources */,
				BE6AF2302BAF762A009EBEC1 /* ArduinoModel.swift in Sources */,
				BE6AF24E2BAF762A009EBEC1 /* LaunchView.swift in Sources */,
				BE6AF22D2BAF762A009EBEC1 /* Color.swift in Sources */,
				BE6AF2482BAF762A009EBEC1 /* FirebaseListRowView.swift in Sources */,
				BE6AF23E2BAF762A009EBEC1 /* RTSPStreamView.swift in Sources */,
				BE6AF2672BAF7A08009EBEC1 /* Constants.swift in Sources */,
			);
			runOnlyForDeploymentPostprocessing = 0;
		};
/* End PBXSourcesBuildPhase section */

/* Begin XCBuildConfiguration section */
		BE6AF1F72BAF71C7009EBEC1 /* Debug */ = {
			isa = XCBuildConfiguration;
			buildSettings = {
				ALWAYS_SEARCH_USER_PATHS = NO;
				ASSETCATALOG_COMPILER_GENERATE_SWIFT_ASSET_SYMBOL_EXTENSIONS = YES;
				CLANG_ANALYZER_NONNULL = YES;
				CLANG_ANALYZER_NUMBER_OBJECT_CONVERSION = YES_AGGRESSIVE;
				CLANG_CXX_LANGUAGE_STANDARD = "gnu++20";
				CLANG_ENABLE_MODULES = YES;
				CLANG_ENABLE_OBJC_ARC = YES;
				CLANG_ENABLE_OBJC_WEAK = YES;
				CLANG_WARN_BLOCK_CAPTURE_AUTORELEASING = YES;
				CLANG_WARN_BOOL_CONVERSION = YES;
				CLANG_WARN_COMMA = YES;
				CLANG_WARN_CONSTANT_CONVERSION = YES;
				CLANG_WARN_DEPRECATED_OBJC_IMPLEMENTATIONS = YES;
				CLANG_WARN_DIRECT_OBJC_ISA_USAGE = YES_ERROR;
				CLANG_WARN_DOCUMENTATION_COMMENTS = YES;
				CLANG_WARN_EMPTY_BODY = YES;
				CLANG_WARN_ENUM_CONVERSION = YES;
				CLANG_WARN_INFINITE_RECURSION = YES;
				CLANG_WARN_INT_CONVERSION = YES;
				CLANG_WARN_NON_LITERAL_NULL_CONVERSION = YES;
				CLANG_WARN_OBJC_IMPLICIT_RETAIN_SELF = YES;
				CLANG_WARN_OBJC_LITERAL_CONVERSION = YES;
				CLANG_WARN_OBJC_ROOT_CLASS = YES_ERROR;
				CLANG_WARN_QUOTED_INCLUDE_IN_FRAMEWORK_HEADER = YES;
				CLANG_WARN_RANGE_LOOP_ANALYSIS = YES;
				CLANG_WARN_STRICT_PROTOTYPES = YES;
				CLANG_WARN_SUSPICIOUS_MOVE = YES;
				CLANG_WARN_UNGUARDED_AVAILABILITY = YES_AGGRESSIVE;
				CLANG_WARN_UNREACHABLE_CODE = YES;
				CLANG_WARN__DUPLICATE_METHOD_MATCH = YES;
				COPY_PHASE_STRIP = NO;
				DEBUG_INFORMATION_FORMAT = dwarf;
				ENABLE_STRICT_OBJC_MSGSEND = YES;
				ENABLE_TESTABILITY = YES;
				ENABLE_USER_SCRIPT_SANDBOXING = YES;
				GCC_C_LANGUAGE_STANDARD = gnu17;
				GCC_DYNAMIC_NO_PIC = NO;
				GCC_NO_COMMON_BLOCKS = YES;
				GCC_OPTIMIZATION_LEVEL = 0;
				GCC_PREPROCESSOR_DEFINITIONS = (
					"DEBUG=1",
					"$(inherited)",
				);
				GCC_WARN_64_TO_32_BIT_CONVERSION = YES;
				GCC_WARN_ABOUT_RETURN_TYPE = YES_ERROR;
				GCC_WARN_UNDECLARED_SELECTOR = YES;
				GCC_WARN_UNINITIALIZED_AUTOS = YES_AGGRESSIVE;
				GCC_WARN_UNUSED_FUNCTION = YES;
				GCC_WARN_UNUSED_VARIABLE = YES;
				LOCALIZATION_PREFERS_STRING_CATALOGS = YES;
				MTL_ENABLE_DEBUG_INFO = INCLUDE_SOURCE;
				MTL_FAST_MATH = YES;
				ONLY_ACTIVE_ARCH = YES;
				SDKROOT = iphoneos;
				SWIFT_ACTIVE_COMPILATION_CONDITIONS = "DEBUG $(inherited)";
				SWIFT_OPTIMIZATION_LEVEL = "-Onone";
			};
			name = Debug;
		};
		BE6AF1F82BAF71C7009EBEC1 /* Release */ = {
			isa = XCBuildConfiguration;
			buildSettings = {
				ALWAYS_SEARCH_USER_PATHS = NO;
				ASSETCATALOG_COMPILER_GENERATE_SWIFT_ASSET_SYMBOL_EXTENSIONS = YES;
				CLANG_ANALYZER_NONNULL = YES;
				CLANG_ANALYZER_NUMBER_OBJECT_CONVERSION = YES_AGGRESSIVE;
				CLANG_CXX_LANGUAGE_STANDARD = "gnu++20";
				CLANG_ENABLE_MODULES = YES;
				CLANG_ENABLE_OBJC_ARC = YES;
				CLANG_ENABLE_OBJC_WEAK = YES;
				CLANG_WARN_BLOCK_CAPTURE_AUTORELEASING = YES;
				CLANG_WARN_BOOL_CONVERSION = YES;
				CLANG_WARN_COMMA = YES;
				CLANG_WARN_CONSTANT_CONVERSION = YES;
				CLANG_WARN_DEPRECATED_OBJC_IMPLEMENTATIONS = YES;
				CLANG_WARN_DIRECT_OBJC_ISA_USAGE = YES_ERROR;
				CLANG_WARN_DOCUMENTATION_COMMENTS = YES;
				CLANG_WARN_EMPTY_BODY = YES;
				CLANG_WARN_ENUM_CONVERSION = YES;
				CLANG_WARN_INFINITE_RECURSION = YES;
				CLANG_WARN_INT_CONVERSION = YES;
				CLANG_WARN_NON_LITERAL_NULL_CONVERSION = YES;
				CLANG_WARN_OBJC_IMPLICIT_RETAIN_SELF = YES;
				CLANG_WARN_OBJC_LITERAL_CONVERSION = YES;
				CLANG_WARN_OBJC_ROOT_CLASS = YES_ERROR;
				CLANG_WARN_QUOTED_INCLUDE_IN_FRAMEWORK_HEADER = YES;
				CLANG_WARN_RANGE_LOOP_ANALYSIS = YES;
				CLANG_WARN_STRICT_PROTOTYPES = YES;
				CLANG_WARN_SUSPICIOUS_MOVE = YES;
				CLANG_WARN_UNGUARDED_AVAILABILITY = YES_AGGRESSIVE;
				CLANG_WARN_UNREACHABLE_CODE = YES;
				CLANG_WARN__DUPLICATE_METHOD_MATCH = YES;
				COPY_PHASE_STRIP = NO;
				DEBUG_INFORMATION_FORMAT = "dwarf-with-dsym";
				ENABLE_NS_ASSERTIONS = NO;
				ENABLE_STRICT_OBJC_MSGSEND = YES;
				ENABLE_USER_SCRIPT_SANDBOXING = YES;
				GCC_C_LANGUAGE_STANDARD = gnu17;
				GCC_NO_COMMON_BLOCKS = YES;
				GCC_WARN_64_TO_32_BIT_CONVERSION = YES;
				GCC_WARN_ABOUT_RETURN_TYPE = YES_ERROR;
				GCC_WARN_UNDECLARED_SELECTOR = YES;
				GCC_WARN_UNINITIALIZED_AUTOS = YES_AGGRESSIVE;
				GCC_WARN_UNUSED_FUNCTION = YES;
				GCC_WARN_UNUSED_VARIABLE = YES;
				LOCALIZATION_PREFERS_STRING_CATALOGS = YES;
				MTL_ENABLE_DEBUG_INFO = NO;
				MTL_FAST_MATH = YES;
				SDKROOT = iphoneos;
				SWIFT_COMPILATION_MODE = wholemodule;
				VALIDATE_PRODUCT = YES;
			};
			name = Release;
		};
		BE6AF1FA2BAF71C7009EBEC1 /* Debug */ = {
			isa = XCBuildConfiguration;
			baseConfigurationReference = 06197D0EA1ED6CB8F535253F /* Pods-Project-Shangri-La.debug.xcconfig */;
			buildSettings = {
				ASSETCATALOG_COMPILER_APPICON_NAME = AppIcon;
				ASSETCATALOG_COMPILER_GLOBAL_ACCENT_COLOR_NAME = AccentColor;
				CODE_SIGN_STYLE = Automatic;
				CURRENT_PROJECT_VERSION = 1;
				DEVELOPMENT_ASSET_PATHS = "";
				DEVELOPMENT_TEAM = MMFJ246YZU;
				ENABLE_PREVIEWS = YES;
				ENABLE_USER_SCRIPT_SANDBOXING = NO;
				GENERATE_INFOPLIST_FILE = YES;
				INFOPLIST_KEY_UIApplicationSceneManifest_Generation = YES;
				INFOPLIST_KEY_UIApplicationSupportsIndirectInputEvents = YES;
				INFOPLIST_KEY_UILaunchScreen_Generation = YES;
				INFOPLIST_KEY_UISupportedInterfaceOrientations_iPad = "UIInterfaceOrientationPortrait UIInterfaceOrientationPortraitUpsideDown UIInterfaceOrientationLandscapeLeft UIInterfaceOrientationLandscapeRight";
				INFOPLIST_KEY_UISupportedInterfaceOrientations_iPhone = "UIInterfaceOrientationPortrait UIInterfaceOrientationLandscapeLeft UIInterfaceOrientationLandscapeRight";
				IPHONEOS_DEPLOYMENT_TARGET = 16.0;
				LD_RUNPATH_SEARCH_PATHS = (
					"$(inherited)",
					"@executable_path/Frameworks",
				);
				MARKETING_VERSION = 1.0;
				PRODUCT_BUNDLE_IDENTIFIER = "Dooie.Project-Shangri-La";
				PRODUCT_NAME = "$(TARGET_NAME)";
				SUPPORTED_PLATFORMS = "iphoneos iphonesimulator";
				SUPPORTS_MACCATALYST = NO;
				SUPPORTS_XR_DESIGNED_FOR_IPHONE_IPAD = NO;
				SWIFT_EMIT_LOC_STRINGS = YES;
				SWIFT_VERSION = 5.0;
				TARGETED_DEVICE_FAMILY = 1;
			};
			name = Debug;
		};
		BE6AF1FB2BAF71C7009EBEC1 /* Release */ = {
			isa = XCBuildConfiguration;
			baseConfigurationReference = 50313E9E2ABD8B9C4D99A75E /* Pods-Project-Shangri-La.release.xcconfig */;
			buildSettings = {
				ASSETCATALOG_COMPILER_APPICON_NAME = AppIcon;
				ASSETCATALOG_COMPILER_GLOBAL_ACCENT_COLOR_NAME = AccentColor;
				CODE_SIGN_STYLE = Automatic;
				CURRENT_PROJECT_VERSION = 1;
				DEVELOPMENT_ASSET_PATHS = "";
				DEVELOPMENT_TEAM = MMFJ246YZU;
				ENABLE_PREVIEWS = YES;
				ENABLE_USER_SCRIPT_SANDBOXING = NO;
				GENERATE_INFOPLIST_FILE = YES;
				INFOPLIST_KEY_UIApplicationSceneManifest_Generation = YES;
				INFOPLIST_KEY_UIApplicationSupportsIndirectInputEvents = YES;
				INFOPLIST_KEY_UILaunchScreen_Generation = YES;
				INFOPLIST_KEY_UISupportedInterfaceOrientations_iPad = "UIInterfaceOrientationPortrait UIInterfaceOrientationPortraitUpsideDown UIInterfaceOrientationLandscapeLeft UIInterfaceOrientationLandscapeRight";
				INFOPLIST_KEY_UISupportedInterfaceOrientations_iPhone = "UIInterfaceOrientationPortrait UIInterfaceOrientationLandscapeLeft UIInterfaceOrientationLandscapeRight";
				IPHONEOS_DEPLOYMENT_TARGET = 16.0;
				LD_RUNPATH_SEARCH_PATHS = (
					"$(inherited)",
					"@executable_path/Frameworks",
				);
				MARKETING_VERSION = 1.0;
				PRODUCT_BUNDLE_IDENTIFIER = "Dooie.Project-Shangri-La";
				PRODUCT_NAME = "$(TARGET_NAME)";
				SUPPORTED_PLATFORMS = "iphoneos iphonesimulator";
				SUPPORTS_MACCATALYST = NO;
				SUPPORTS_XR_DESIGNED_FOR_IPHONE_IPAD = NO;
				SWIFT_EMIT_LOC_STRINGS = YES;
				SWIFT_VERSION = 5.0;
				TARGETED_DEVICE_FAMILY = 1;
			};
			name = Release;
		};
/* End XCBuildConfiguration section */

/* Begin XCConfigurationList section */
		BE6AF1E62BAF71C6009EBEC1 /* Build configuration list for PBXProject "Project-Shangri-La" */ = {
			isa = XCConfigurationList;
			buildConfigurations = (
				BE6AF1F72BAF71C7009EBEC1 /* Debug */,
				BE6AF1F82BAF71C7009EBEC1 /* Release */,
			);
			defaultConfigurationIsVisible = 0;
			defaultConfigurationName = Release;
		};
		BE6AF1F92BAF71C7009EBEC1 /* Build configuration list for PBXNativeTarget "Project-Shangri-La" */ = {
			isa = XCConfigurationList;
			buildConfigurations = (
				BE6AF1FA2BAF71C7009EBEC1 /* Debug */,
				BE6AF1FB2BAF71C7009EBEC1 /* Release */,
			);
			defaultConfigurationIsVisible = 0;
			defaultConfigurationName = Release;
		};
/* End XCConfigurationList section */

/* Begin XCRemoteSwiftPackageReference section */
		BE6AF2512BAF76EE009EBEC1 /* XCRemoteSwiftPackageReference "firebase-ios-sdk" */ = {
			isa = XCRemoteSwiftPackageReference;
			repositoryURL = "https://github.com/firebase/firebase-ios-sdk.git";
			requirement = {
				kind = versionRange;
				maximumVersion = 9.0.0;
				minimumVersion = 8.0.0;
			};
		};
		BE6AF25C2BAF7825009EBEC1 /* XCRemoteSwiftPackageReference "ChartView" */ = {
			isa = XCRemoteSwiftPackageReference;
			repositoryURL = "https://github.com/dooiee/ChartView";
			requirement = {
				branch = master;
				kind = branch;
			};
		};
		BE6AF25F2BAF784A009EBEC1 /* XCRemoteSwiftPackageReference "swift-collections" */ = {
			isa = XCRemoteSwiftPackageReference;
			repositoryURL = "https://github.com/apple/swift-collections.git";
			requirement = {
				kind = upToNextMajorVersion;
				minimumVersion = 1.1.0;
			};
		};
/* End XCRemoteSwiftPackageReference section */

/* Begin XCSwiftPackageProductDependency section */
		BE6AF2522BAF76EE009EBEC1 /* FirebaseAuth */ = {
			isa = XCSwiftPackageProductDependency;
			package = BE6AF2512BAF76EE009EBEC1 /* XCRemoteSwiftPackageReference "firebase-ios-sdk" */;
			productName = FirebaseAuth;
		};
		BE6AF2542BAF76EE009EBEC1 /* FirebaseDatabase */ = {
			isa = XCSwiftPackageProductDependency;
			package = BE6AF2512BAF76EE009EBEC1 /* XCRemoteSwiftPackageReference "firebase-ios-sdk" */;
			productName = FirebaseDatabase;
		};
		BE6AF2562BAF76EE009EBEC1 /* FirebaseDatabaseSwift-Beta */ = {
			isa = XCSwiftPackageProductDependency;
			package = BE6AF2512BAF76EE009EBEC1 /* XCRemoteSwiftPackageReference "firebase-ios-sdk" */;
			productName = "FirebaseDatabaseSwift-Beta";
		};
		BE6AF2582BAF76EE009EBEC1 /* FirebaseStorage */ = {
			isa = XCSwiftPackageProductDependency;
			package = BE6AF2512BAF76EE009EBEC1 /* XCRemoteSwiftPackageReference "firebase-ios-sdk" */;
			productName = FirebaseStorage;
		};
		BE6AF25A2BAF76EE009EBEC1 /* FirebaseStorageSwift-Beta */ = {
			isa = XCSwiftPackageProductDependency;
			package = BE6AF2512BAF76EE009EBEC1 /* XCRemoteSwiftPackageReference "firebase-ios-sdk" */;
			productName = "FirebaseStorageSwift-Beta";
		};
		BE6AF25D2BAF7825009EBEC1 /* SwiftUICharts */ = {
			isa = XCSwiftPackageProductDependency;
			package = BE6AF25C2BAF7825009EBEC1 /* XCRemoteSwiftPackageReference "ChartView" */;
			productName = SwiftUICharts;
		};
		BE6AF2602BAF784A009EBEC1 /* Collections */ = {
			isa = XCSwiftPackageProductDependency;
			package = BE6AF25F2BAF784A009EBEC1 /* XCRemoteSwiftPackageReference "swift-collections" */;
			productName = Collections;
		};
		BE6AF2622BAF784A009EBEC1 /* DequeModule */ = {
			isa = XCSwiftPackageProductDependency;
			package = BE6AF25F2BAF784A009EBEC1 /* XCRemoteSwiftPackageReference "swift-collections" */;
			productName = DequeModule;
		};
		BE6AF2642BAF784A009EBEC1 /* OrderedCollections */ = {
			isa = XCSwiftPackageProductDependency;
			package = BE6AF25F2BAF784A009EBEC1 /* XCRemoteSwiftPackageReference "swift-collections" */;
			productName = OrderedCollections;
		};
/* End XCSwiftPackageProductDependency section */
	};
	rootObject = BE6AF1E32BAF71C6009EBEC1 /* Project object */;
}
