// !$*UTF8*$!
{
	archiveVersion = 1;
	classes = {
	};
	objectVersion = 55;
	objects = {

/* Begin PBXBuildFile section */
		BE307E132B9E2ED40019E72E /* FirebaseAuth in Frameworks */ = {isa = PBXBuildFile; productRef = BE307E122B9E2ED40019E72E /* FirebaseAuth */; };
		BE307E152B9E2ED90019E72E /* FirebaseDatabase in Frameworks */ = {isa = PBXBuildFile; productRef = BE307E142B9E2ED90019E72E /* FirebaseDatabase */; };
		BE307E172B9E2EDE0019E72E /* FirebaseDatabaseSwift-Beta in Frameworks */ = {isa = PBXBuildFile; productRef = BE307E162B9E2EDE0019E72E /* FirebaseDatabaseSwift-Beta */; };
		BE307E1F2B9E2FDA0019E72E /* Collections in Frameworks */ = {isa = PBXBuildFile; productRef = BE307E1E2B9E2FDA0019E72E /* Collections */; };
		BE307E212B9E2FDA0019E72E /* DequeModule in Frameworks */ = {isa = PBXBuildFile; productRef = BE307E202B9E2FDA0019E72E /* DequeModule */; settings = {ATTRIBUTES = (Weak, ); }; };
		BE307E232B9E2FDA0019E72E /* OrderedCollections in Frameworks */ = {isa = PBXBuildFile; productRef = BE307E222B9E2FDA0019E72E /* OrderedCollections */; };
		BE307E252B9E38370019E72E /* UserSettings.swift in Sources */ = {isa = PBXBuildFile; fileRef = BE307E242B9E38370019E72E /* UserSettings.swift */; };
		BE307E272B9E38CE0019E72E /* Constants.swift in Sources */ = {isa = PBXBuildFile; fileRef = BE307E262B9E38CD0019E72E /* Constants.swift */; };
		BE307E462B9E41030019E72E /* CommandPanelView.swift in Sources */ = {isa = PBXBuildFile; fileRef = BE307E452B9E41030019E72E /* CommandPanelView.swift */; };
		BE307E482B9E41750019E72E /* FirebaseCommandPanelControl.swift in Sources */ = {isa = PBXBuildFile; fileRef = BE307E472B9E41750019E72E /* FirebaseCommandPanelControl.swift */; };
		BE307E4A2B9E42B80019E72E /* GoogleService-Info.plist in Resources */ = {isa = PBXBuildFile; fileRef = BE307E492B9E42B80019E72E /* GoogleService-Info.plist */; };
		BE307E4D2B9E6ECA0019E72E /* FirebaseTestFunction.swift in Sources */ = {isa = PBXBuildFile; fileRef = BE307E4B2B9E6ECA0019E72E /* FirebaseTestFunction.swift */; };
		BE307E4E2B9E6ECA0019E72E /* SystemStatusView.swift in Sources */ = {isa = PBXBuildFile; fileRef = BE307E4C2B9E6ECA0019E72E /* SystemStatusView.swift */; };
		BE307E642B9E6F950019E72E /* Test2ColorPicker.swift in Sources */ = {isa = PBXBuildFile; fileRef = BE307E602B9E6F950019E72E /* Test2ColorPicker.swift */; };
		BE307E672B9E6F950019E72E /* TESTArduinoColorPicker.swift in Sources */ = {isa = PBXBuildFile; fileRef = BE307E632B9E6F950019E72E /* TESTArduinoColorPicker.swift */; };
		BE307E752BABABCE0019E72E /* SwiftUICharts in Frameworks */ = {isa = PBXBuildFile; productRef = BE307E742BABABCE0019E72E /* SwiftUICharts */; };
		BE3F57C528187DBE00753C3E /* FirebaseDataRetreivalForInterval.swift in Sources */ = {isa = PBXBuildFile; fileRef = BE3F57C428187DBE00753C3E /* FirebaseDataRetreivalForInterval.swift */; };
		BE4D674828C6D1D70049DF40 /* HapticManager.swift in Sources */ = {isa = PBXBuildFile; fileRef = BE4D674728C6D1D70049DF40 /* HapticManager.swift */; };
		BE52EBBF2877930300EED465 /* WeatherKitViewTest.swift in Sources */ = {isa = PBXBuildFile; fileRef = BE52EBBE2877930300EED465 /* WeatherKitViewTest.swift */; };
		BE593BCD27D5329C00246BE4 /* LaunchScreen.storyboard in Resources */ = {isa = PBXBuildFile; fileRef = BE593BCC27D5329C00246BE4 /* LaunchScreen.storyboard */; };
		BE593BD027D5346D00246BE4 /* LaunchView.swift in Sources */ = {isa = PBXBuildFile; fileRef = BE593BCF27D5346D00246BE4 /* LaunchView.swift */; };
		BE593BD727D69E6400246BE4 /* Color.swift in Sources */ = {isa = PBXBuildFile; fileRef = BE593BD627D69E6400246BE4 /* Color.swift */; };
		BE6687F727F8E32C00C34D7D /* FirebaseRFTransmitter.swift in Sources */ = {isa = PBXBuildFile; fileRef = BE6687F627F8E32C00C34D7D /* FirebaseRFTransmitter.swift */; };
		BE6DB5CD27F7B16300044F5D /* RFRemoteView.swift in Sources */ = {isa = PBXBuildFile; fileRef = BE6DB5CC27F7B16300044F5D /* RFRemoteView.swift */; };
		BE9450692832F1E70000ED7A /* FirebaseSolenoidControl.swift in Sources */ = {isa = PBXBuildFile; fileRef = BE9450682832F1E70000ED7A /* FirebaseSolenoidControl.swift */; };
		BE94506C28358B250000ED7A /* GenericDetailView.swift in Sources */ = {isa = PBXBuildFile; fileRef = BE94506B28358B250000ED7A /* GenericDetailView.swift */; };
		BE98FBB727D94526008D3ABD /* FirebaseModel.swift in Sources */ = {isa = PBXBuildFile; fileRef = BE98FBB627D94526008D3ABD /* FirebaseModel.swift */; };
		BE98FBBA27DA964E008D3ABD /* FirebaseViewModel.swift in Sources */ = {isa = PBXBuildFile; fileRef = BE98FBB927DA964E008D3ABD /* FirebaseViewModel.swift */; };
		BE98FBBE27DA97D0008D3ABD /* FirebaseDataService.swift in Sources */ = {isa = PBXBuildFile; fileRef = BE98FBBD27DA97D0008D3ABD /* FirebaseDataService.swift */; };
		BE98FBC727DAD073008D3ABD /* UnixConversion.swift in Sources */ = {isa = PBXBuildFile; fileRef = BE98FBC627DAD073008D3ABD /* UnixConversion.swift */; };
		BE98FBCA27DBDE72008D3ABD /* FirebaseHomeView.swift in Sources */ = {isa = PBXBuildFile; fileRef = BE98FBC927DBDE72008D3ABD /* FirebaseHomeView.swift */; };
		BE98FBD027DC0B10008D3ABD /* FirebaseListRowView.swift in Sources */ = {isa = PBXBuildFile; fileRef = BE98FBCF27DC0B10008D3ABD /* FirebaseListRowView.swift */; };
		BEA58BE7284950EC0053A200 /* SolenoidControlView.swift in Sources */ = {isa = PBXBuildFile; fileRef = BEA58BE6284950EC0053A200 /* SolenoidControlView.swift */; };
		BEBAA92528964EAF00D0D525 /* ArduinoControlView.swift in Sources */ = {isa = PBXBuildFile; fileRef = BEBAA92428964EAF00D0D525 /* ArduinoControlView.swift */; };
		BEBAA92828965A9D00D0D525 /* FirebaseArduinoControl.swift in Sources */ = {isa = PBXBuildFile; fileRef = BEBAA92728965A9D00D0D525 /* FirebaseArduinoControl.swift */; };
		BEBAA92B2896F96500D0D525 /* ArduinoModel.swift in Sources */ = {isa = PBXBuildFile; fileRef = BEBAA92A2896F96500D0D525 /* ArduinoModel.swift */; };
		BEC6E64927B852E7003AD041 /* Project_Shangri_LaApp.swift in Sources */ = {isa = PBXBuildFile; fileRef = BEC6E63927B852E6003AD041 /* Project_Shangri_LaApp.swift */; };
		BEC6E64D27B852E7003AD041 /* Assets.xcassets in Resources */ = {isa = PBXBuildFile; fileRef = BEC6E63B27B852E7003AD041 /* Assets.xcassets */; };
		BECC3ABF28BD511A0027006B /* ArduinoStatisticsView.swift in Sources */ = {isa = PBXBuildFile; fileRef = BECC3ABE28BD511A0027006B /* ArduinoStatisticsView.swift */; };
		BECC3AC228BD59600027006B /* FirebaseArduinoStatistics.swift in Sources */ = {isa = PBXBuildFile; fileRef = BECC3AC128BD59600027006B /* FirebaseArduinoStatistics.swift */; };
		BECC3AC528BD73010027006B /* ArduinoStatisticsModel.swift in Sources */ = {isa = PBXBuildFile; fileRef = BECC3AC428BD73010027006B /* ArduinoStatisticsModel.swift */; };
		BEE6C42828775739004BC6B9 /* WeatherModel.swift in Sources */ = {isa = PBXBuildFile; fileRef = BEE6C42728775739004BC6B9 /* WeatherModel.swift */; };
		BEE7BD7028B049CB0018138D /* GenericViewSettings.swift in Sources */ = {isa = PBXBuildFile; fileRef = BEE7BD6F28B049CB0018138D /* GenericViewSettings.swift */; };
/* End PBXBuildFile section */

/* Begin PBXCopyFilesBuildPhase section */
		BEC6E67D27B978FE003AD041 /* Embed App Extensions */ = {
			isa = PBXCopyFilesBuildPhase;
			buildActionMask = 2147483647;
			dstPath = "";
			dstSubfolderSpec = 13;
			files = (
			);
			name = "Embed App Extensions";
			runOnlyForDeploymentPostprocessing = 0;
		};
/* End PBXCopyFilesBuildPhase section */

/* Begin PBXFileReference section */
		BE307E182B9E2F200019E72E /* SwiftUI.framework */ = {isa = PBXFileReference; lastKnownFileType = wrapper.framework; name = SwiftUI.framework; path = Platforms/iPhoneOS.platform/Developer/SDKs/iPhoneOS17.4.sdk/System/Library/Frameworks/SwiftUI.framework; sourceTree = DEVELOPER_DIR; };
		BE307E242B9E38370019E72E /* UserSettings.swift */ = {isa = PBXFileReference; fileEncoding = 4; lastKnownFileType = sourcecode.swift; path = UserSettings.swift; sourceTree = "<group>"; };
		BE307E262B9E38CD0019E72E /* Constants.swift */ = {isa = PBXFileReference; fileEncoding = 4; lastKnownFileType = sourcecode.swift; name = Constants.swift; path = App/Extensions/Constants.swift; sourceTree = SOURCE_ROOT; };
		BE307E452B9E41030019E72E /* CommandPanelView.swift */ = {isa = PBXFileReference; fileEncoding = 4; lastKnownFileType = sourcecode.swift; path = CommandPanelView.swift; sourceTree = "<group>"; };
		BE307E472B9E41750019E72E /* FirebaseCommandPanelControl.swift */ = {isa = PBXFileReference; fileEncoding = 4; lastKnownFileType = sourcecode.swift; path = FirebaseCommandPanelControl.swift; sourceTree = "<group>"; };
		BE307E492B9E42B80019E72E /* GoogleService-Info.plist */ = {isa = PBXFileReference; fileEncoding = 4; lastKnownFileType = text.plist.xml; path = "GoogleService-Info.plist"; sourceTree = "<group>"; };
		BE307E4B2B9E6ECA0019E72E /* FirebaseTestFunction.swift */ = {isa = PBXFileReference; fileEncoding = 4; lastKnownFileType = sourcecode.swift; path = FirebaseTestFunction.swift; sourceTree = "<group>"; };
		BE307E4C2B9E6ECA0019E72E /* SystemStatusView.swift */ = {isa = PBXFileReference; fileEncoding = 4; lastKnownFileType = sourcecode.swift; path = SystemStatusView.swift; sourceTree = "<group>"; };
		BE307E602B9E6F950019E72E /* Test2ColorPicker.swift */ = {isa = PBXFileReference; fileEncoding = 4; lastKnownFileType = sourcecode.swift; path = Test2ColorPicker.swift; sourceTree = "<group>"; };
		BE307E632B9E6F950019E72E /* TESTArduinoColorPicker.swift */ = {isa = PBXFileReference; fileEncoding = 4; lastKnownFileType = sourcecode.swift; path = TESTArduinoColorPicker.swift; sourceTree = "<group>"; };
		BE3F57C428187DBE00753C3E /* FirebaseDataRetreivalForInterval.swift */ = {isa = PBXFileReference; lastKnownFileType = sourcecode.swift; path = FirebaseDataRetreivalForInterval.swift; sourceTree = "<group>"; };
		BE4D674728C6D1D70049DF40 /* HapticManager.swift */ = {isa = PBXFileReference; lastKnownFileType = sourcecode.swift; path = HapticManager.swift; sourceTree = "<group>"; };
		BE52EBB52877612600EED465 /* Project-Shangri-La (iOS).entitlements */ = {isa = PBXFileReference; lastKnownFileType = text.plist.entitlements; path = "Project-Shangri-La (iOS).entitlements"; sourceTree = "<group>"; };
		BE52EBBE2877930300EED465 /* WeatherKitViewTest.swift */ = {isa = PBXFileReference; lastKnownFileType = sourcecode.swift; path = WeatherKitViewTest.swift; sourceTree = "<group>"; };
		BE593BCC27D5329C00246BE4 /* LaunchScreen.storyboard */ = {isa = PBXFileReference; lastKnownFileType = file.storyboard; path = LaunchScreen.storyboard; sourceTree = "<group>"; };
		BE593BCF27D5346D00246BE4 /* LaunchView.swift */ = {isa = PBXFileReference; lastKnownFileType = sourcecode.swift; path = LaunchView.swift; sourceTree = "<group>"; };
		BE593BD627D69E6400246BE4 /* Color.swift */ = {isa = PBXFileReference; fileEncoding = 4; lastKnownFileType = sourcecode.swift; path = Color.swift; sourceTree = "<group>"; };
		BE5BA12727C723DD0023792D /* Project-Shangri-La--iOS--Info.plist */ = {isa = PBXFileReference; lastKnownFileType = text.plist; path = "Project-Shangri-La--iOS--Info.plist"; sourceTree = "<group>"; };
		BE6687F627F8E32C00C34D7D /* FirebaseRFTransmitter.swift */ = {isa = PBXFileReference; lastKnownFileType = sourcecode.swift; path = FirebaseRFTransmitter.swift; sourceTree = "<group>"; };
		BE6DB5CC27F7B16300044F5D /* RFRemoteView.swift */ = {isa = PBXFileReference; lastKnownFileType = sourcecode.swift; path = RFRemoteView.swift; sourceTree = "<group>"; };
		BE9450682832F1E70000ED7A /* FirebaseSolenoidControl.swift */ = {isa = PBXFileReference; lastKnownFileType = sourcecode.swift; path = FirebaseSolenoidControl.swift; sourceTree = "<group>"; };
		BE94506B28358B250000ED7A /* GenericDetailView.swift */ = {isa = PBXFileReference; lastKnownFileType = sourcecode.swift; path = GenericDetailView.swift; sourceTree = "<group>"; };
		BE98FBB627D94526008D3ABD /* FirebaseModel.swift */ = {isa = PBXFileReference; lastKnownFileType = sourcecode.swift; path = FirebaseModel.swift; sourceTree = "<group>"; };
		BE98FBB927DA964E008D3ABD /* FirebaseViewModel.swift */ = {isa = PBXFileReference; lastKnownFileType = sourcecode.swift; path = FirebaseViewModel.swift; sourceTree = "<group>"; };
		BE98FBBD27DA97D0008D3ABD /* FirebaseDataService.swift */ = {isa = PBXFileReference; lastKnownFileType = sourcecode.swift; path = FirebaseDataService.swift; sourceTree = "<group>"; };
		BE98FBC627DAD073008D3ABD /* UnixConversion.swift */ = {isa = PBXFileReference; lastKnownFileType = sourcecode.swift; path = UnixConversion.swift; sourceTree = "<group>"; };
		BE98FBC927DBDE72008D3ABD /* FirebaseHomeView.swift */ = {isa = PBXFileReference; lastKnownFileType = sourcecode.swift; path = FirebaseHomeView.swift; sourceTree = "<group>"; };
		BE98FBCF27DC0B10008D3ABD /* FirebaseListRowView.swift */ = {isa = PBXFileReference; lastKnownFileType = sourcecode.swift; path = FirebaseListRowView.swift; sourceTree = "<group>"; };
		BEA58BE6284950EC0053A200 /* SolenoidControlView.swift */ = {isa = PBXFileReference; lastKnownFileType = sourcecode.swift; path = SolenoidControlView.swift; sourceTree = "<group>"; };
		BEBAA92428964EAF00D0D525 /* ArduinoControlView.swift */ = {isa = PBXFileReference; lastKnownFileType = sourcecode.swift; path = ArduinoControlView.swift; sourceTree = "<group>"; };
		BEBAA92728965A9D00D0D525 /* FirebaseArduinoControl.swift */ = {isa = PBXFileReference; lastKnownFileType = sourcecode.swift; path = FirebaseArduinoControl.swift; sourceTree = "<group>"; };
		BEBAA92A2896F96500D0D525 /* ArduinoModel.swift */ = {isa = PBXFileReference; lastKnownFileType = sourcecode.swift; path = ArduinoModel.swift; sourceTree = "<group>"; };
		BEC6E63927B852E6003AD041 /* Project_Shangri_LaApp.swift */ = {isa = PBXFileReference; lastKnownFileType = sourcecode.swift; path = Project_Shangri_LaApp.swift; sourceTree = "<group>"; };
		BEC6E63B27B852E7003AD041 /* Assets.xcassets */ = {isa = PBXFileReference; lastKnownFileType = folder.assetcatalog; path = Assets.xcassets; sourceTree = "<group>"; };
		BEC6E64027B852E7003AD041 /* Project-Shangri-La.app */ = {isa = PBXFileReference; explicitFileType = wrapper.application; includeInIndex = 0; path = "Project-Shangri-La.app"; sourceTree = BUILT_PRODUCTS_DIR; };
		BEC6E66D27B978FD003AD041 /* WidgetKit.framework */ = {isa = PBXFileReference; lastKnownFileType = wrapper.framework; name = WidgetKit.framework; path = System/Library/Frameworks/WidgetKit.framework; sourceTree = SDKROOT; };
		BECC3ABE28BD511A0027006B /* ArduinoStatisticsView.swift */ = {isa = PBXFileReference; lastKnownFileType = sourcecode.swift; path = ArduinoStatisticsView.swift; sourceTree = "<group>"; };
		BECC3AC128BD59600027006B /* FirebaseArduinoStatistics.swift */ = {isa = PBXFileReference; lastKnownFileType = sourcecode.swift; path = FirebaseArduinoStatistics.swift; sourceTree = "<group>"; };
		BECC3AC428BD73010027006B /* ArduinoStatisticsModel.swift */ = {isa = PBXFileReference; lastKnownFileType = sourcecode.swift; path = ArduinoStatisticsModel.swift; sourceTree = "<group>"; };
		BEE6C42728775739004BC6B9 /* WeatherModel.swift */ = {isa = PBXFileReference; lastKnownFileType = sourcecode.swift; path = WeatherModel.swift; sourceTree = "<group>"; };
		BEE7BD6F28B049CB0018138D /* GenericViewSettings.swift */ = {isa = PBXFileReference; lastKnownFileType = sourcecode.swift; path = GenericViewSettings.swift; sourceTree = "<group>"; };
/* End PBXFileReference section */

/* Begin PBXFrameworksBuildPhase section */
		BEC6E63D27B852E7003AD041 /* Frameworks */ = {
			isa = PBXFrameworksBuildPhase;
			buildActionMask = 2147483647;
			files = (
				BE307E172B9E2EDE0019E72E /* FirebaseDatabaseSwift-Beta in Frameworks */,
				BE307E752BABABCE0019E72E /* SwiftUICharts in Frameworks */,
				BE307E1F2B9E2FDA0019E72E /* Collections in Frameworks */,
				BE307E152B9E2ED90019E72E /* FirebaseDatabase in Frameworks */,
				BE307E132B9E2ED40019E72E /* FirebaseAuth in Frameworks */,
				BE307E232B9E2FDA0019E72E /* OrderedCollections in Frameworks */,
				BE307E212B9E2FDA0019E72E /* DequeModule in Frameworks */,
			);
			runOnlyForDeploymentPostprocessing = 0;
		};
/* End PBXFrameworksBuildPhase section */

/* Begin PBXGroup section */
		BE307E5B2B9E6F750019E72E /* CameraView */ = {
			isa = PBXGroup;
			children = (
				BE307E602B9E6F950019E72E /* Test2ColorPicker.swift */,
				BE307E632B9E6F950019E72E /* TESTArduinoColorPicker.swift */,
			);
			path = CameraView;
			sourceTree = "<group>";
		};
		BE4C80BA28209B6B007F58BF /* Packages */ = {
			isa = PBXGroup;
			children = (
			);
			name = Packages;
			path = ..;
			sourceTree = "<group>";
		};
		BE52EBB928776E5700EED465 /* ServicesOldFiles */ = {
			isa = PBXGroup;
			children = (
				BE98FBBD27DA97D0008D3ABD /* FirebaseDataService.swift */,
			);
			path = ServicesOldFiles;
			sourceTree = "<group>";
		};
		BE593BC927D52D7B00246BE4 /* LaunchScreen */ = {
			isa = PBXGroup;
			children = (
				BE593BCC27D5329C00246BE4 /* LaunchScreen.storyboard */,
				BE593BCF27D5346D00246BE4 /* LaunchView.swift */,
			);
			path = LaunchScreen;
			sourceTree = "<group>";
		};
		BE593BCA27D52DAC00246BE4 /* HomeView */ = {
			isa = PBXGroup;
			children = (
				BE307E4B2B9E6ECA0019E72E /* FirebaseTestFunction.swift */,
				BE307E4C2B9E6ECA0019E72E /* SystemStatusView.swift */,
				BE98FBC927DBDE72008D3ABD /* FirebaseHomeView.swift */,
				BE98FBCF27DC0B10008D3ABD /* FirebaseListRowView.swift */,
				BE6DB5CC27F7B16300044F5D /* RFRemoteView.swift */,
				BEBAA92428964EAF00D0D525 /* ArduinoControlView.swift */,
				BEA58BE6284950EC0053A200 /* SolenoidControlView.swift */,
			);
			path = HomeView;
			sourceTree = "<group>";
		};
		BE593BCB27D52DC800246BE4 /* DetailView */ = {
			isa = PBXGroup;
			children = (
				BE307E452B9E41030019E72E /* CommandPanelView.swift */,
				BE94506B28358B250000ED7A /* GenericDetailView.swift */,
				BECC3ABE28BD511A0027006B /* ArduinoStatisticsView.swift */,
				BEE7BD6F28B049CB0018138D /* GenericViewSettings.swift */,
				BE52EBBE2877930300EED465 /* WeatherKitViewTest.swift */,
			);
			path = DetailView;
			sourceTree = "<group>";
		};
		BE593BD227D534FE00246BE4 /* Extensions */ = {
			isa = PBXGroup;
			children = (
				BE307E262B9E38CD0019E72E /* Constants.swift */,
				BE593BD627D69E6400246BE4 /* Color.swift */,
				BE4D674728C6D1D70049DF40 /* HapticManager.swift */,
				BE98FBC627DAD073008D3ABD /* UnixConversion.swift */,
			);
			path = Extensions;
			sourceTree = "<group>";
		};
		BE98FBBC27DA9799008D3ABD /* Services */ = {
			isa = PBXGroup;
			children = (
				BE307E472B9E41750019E72E /* FirebaseCommandPanelControl.swift */,
				BE3F57C428187DBE00753C3E /* FirebaseDataRetreivalForInterval.swift */,
				BE6687F627F8E32C00C34D7D /* FirebaseRFTransmitter.swift */,
				BE9450682832F1E70000ED7A /* FirebaseSolenoidControl.swift */,
				BEBAA92728965A9D00D0D525 /* FirebaseArduinoControl.swift */,
				BECC3AC128BD59600027006B /* FirebaseArduinoStatistics.swift */,
				BE52EBB928776E5700EED465 /* ServicesOldFiles */,
			);
			path = Services;
			sourceTree = "<group>";
		};
		BEC6E63327B852E6003AD041 = {
			isa = PBXGroup;
			children = (
				BE52EBB52877612600EED465 /* Project-Shangri-La (iOS).entitlements */,
				BE5BA12727C723DD0023792D /* Project-Shangri-La--iOS--Info.plist */,
				BEC6E63827B852E6003AD041 /* App */,
				BEC6E66C27B978FD003AD041 /* Frameworks */,
				BEC6E64127B852E7003AD041 /* Products */,
			);
			sourceTree = "<group>";
		};
		BEC6E63827B852E6003AD041 /* App */ = {
			isa = PBXGroup;
			children = (
				BE307E492B9E42B80019E72E /* GoogleService-Info.plist */,
				BEC6E63927B852E6003AD041 /* Project_Shangri_LaApp.swift */,
				BE593BD227D534FE00246BE4 /* Extensions */,
				BEC6E65E27B977B0003AD041 /* Views */,
				BEC6E65F27B97818003AD041 /* ViewModels */,
				BE98FBBC27DA9799008D3ABD /* Services */,
				BEC6E68D27BC979F003AD041 /* Models */,
				BE4C80BA28209B6B007F58BF /* Packages */,
				BEC6E63B27B852E7003AD041 /* Assets.xcassets */,
			);
			path = App;
			sourceTree = "<group>";
		};
		BEC6E64127B852E7003AD041 /* Products */ = {
			isa = PBXGroup;
			children = (
				BEC6E64027B852E7003AD041 /* Project-Shangri-La.app */,
			);
			name = Products;
			sourceTree = "<group>";
		};
		BEC6E65E27B977B0003AD041 /* Views */ = {
			isa = PBXGroup;
			children = (
				BE307E5B2B9E6F750019E72E /* CameraView */,
				BE593BC927D52D7B00246BE4 /* LaunchScreen */,
				BE593BCA27D52DAC00246BE4 /* HomeView */,
				BE593BCB27D52DC800246BE4 /* DetailView */,
			);
			path = Views;
			sourceTree = "<group>";
		};
		BEC6E65F27B97818003AD041 /* ViewModels */ = {
			isa = PBXGroup;
			children = (
				BE307E242B9E38370019E72E /* UserSettings.swift */,
				BE98FBB927DA964E008D3ABD /* FirebaseViewModel.swift */,
			);
			path = ViewModels;
			sourceTree = "<group>";
		};
		BEC6E66C27B978FD003AD041 /* Frameworks */ = {
			isa = PBXGroup;
			children = (
				BE307E182B9E2F200019E72E /* SwiftUI.framework */,
				BEC6E66D27B978FD003AD041 /* WidgetKit.framework */,
			);
			name = Frameworks;
			sourceTree = "<group>";
		};
		BEC6E68D27BC979F003AD041 /* Models */ = {
			isa = PBXGroup;
			children = (
				BE98FBB627D94526008D3ABD /* FirebaseModel.swift */,
				BEE6C42728775739004BC6B9 /* WeatherModel.swift */,
				BEBAA92A2896F96500D0D525 /* ArduinoModel.swift */,
				BECC3AC428BD73010027006B /* ArduinoStatisticsModel.swift */,
			);
			path = Models;
			sourceTree = "<group>";
		};
/* End PBXGroup section */

/* Begin PBXNativeTarget section */
		BEC6E63F27B852E7003AD041 /* Project-Shangri-La (iOS) */ = {
			isa = PBXNativeTarget;
			buildConfigurationList = BEC6E65127B852E7003AD041 /* Build configuration list for PBXNativeTarget "Project-Shangri-La (iOS)" */;
			buildPhases = (
				BEC6E63C27B852E7003AD041 /* Sources */,
				BEC6E63D27B852E7003AD041 /* Frameworks */,
				BEC6E63E27B852E7003AD041 /* Resources */,
				BEC6E67D27B978FE003AD041 /* Embed App Extensions */,
			);
			buildRules = (
			);
			dependencies = (
			);
			name = "Project-Shangri-La (iOS)";
			packageProductDependencies = (
				BE307E122B9E2ED40019E72E /* FirebaseAuth */,
				BE307E142B9E2ED90019E72E /* FirebaseDatabase */,
				BE307E162B9E2EDE0019E72E /* FirebaseDatabaseSwift-Beta */,
				BE307E1E2B9E2FDA0019E72E /* Collections */,
				BE307E202B9E2FDA0019E72E /* DequeModule */,
				BE307E222B9E2FDA0019E72E /* OrderedCollections */,
				BE307E742BABABCE0019E72E /* SwiftUICharts */,
			);
			productName = "Project-Shangri-La (iOS)";
			productReference = BEC6E64027B852E7003AD041 /* Project-Shangri-La.app */;
			productType = "com.apple.product-type.application";
		};
/* End PBXNativeTarget section */

/* Begin PBXProject section */
		BEC6E63427B852E6003AD041 /* Project object */ = {
			isa = PBXProject;
			attributes = {
				BuildIndependentTargetsInParallel = 1;
				LastSwiftUpdateCheck = 1400;
				LastUpgradeCheck = 1330;
				TargetAttributes = {
					BEC6E63F27B852E7003AD041 = {
						CreatedOnToolsVersion = 13.2.1;
					};
				};
			};
			buildConfigurationList = BEC6E63727B852E6003AD041 /* Build configuration list for PBXProject "Project-Shangri-La" */;
			compatibilityVersion = "Xcode 13.0";
			developmentRegion = en;
			hasScannedForEncodings = 0;
			knownRegions = (
				en,
				Base,
			);
			mainGroup = BEC6E63327B852E6003AD041;
			packageReferences = (
				BE307E112B9E23260019E72E /* XCRemoteSwiftPackageReference "firebase-ios-sdk" */,
				BE307E1D2B9E2FDA0019E72E /* XCRemoteSwiftPackageReference "swift-collections" */,
				BE307E732BABABCE0019E72E /* XCRemoteSwiftPackageReference "ChartView" */,
			);
			productRefGroup = BEC6E64127B852E7003AD041 /* Products */;
			projectDirPath = "";
			projectRoot = "";
			targets = (
				BEC6E63F27B852E7003AD041 /* Project-Shangri-La (iOS) */,
			);
		};
/* End PBXProject section */

/* Begin PBXResourcesBuildPhase section */
		BEC6E63E27B852E7003AD041 /* Resources */ = {
			isa = PBXResourcesBuildPhase;
			buildActionMask = 2147483647;
			files = (
				BE593BCD27D5329C00246BE4 /* LaunchScreen.storyboard in Resources */,
				BEC6E64D27B852E7003AD041 /* Assets.xcassets in Resources */,
				BE307E4A2B9E42B80019E72E /* GoogleService-Info.plist in Resources */,
			);
			runOnlyForDeploymentPostprocessing = 0;
		};
/* End PBXResourcesBuildPhase section */

/* Begin PBXSourcesBuildPhase section */
		BEC6E63C27B852E7003AD041 /* Sources */ = {
			isa = PBXSourcesBuildPhase;
			buildActionMask = 2147483647;
			files = (
				BE307E642B9E6F950019E72E /* Test2ColorPicker.swift in Sources */,
				BE98FBB727D94526008D3ABD /* FirebaseModel.swift in Sources */,
				BE307E482B9E41750019E72E /* FirebaseCommandPanelControl.swift in Sources */,
				BE6687F727F8E32C00C34D7D /* FirebaseRFTransmitter.swift in Sources */,
				BE307E4E2B9E6ECA0019E72E /* SystemStatusView.swift in Sources */,
				BEE6C42828775739004BC6B9 /* WeatherModel.swift in Sources */,
				BE593BD027D5346D00246BE4 /* LaunchView.swift in Sources */,
				BE307E672B9E6F950019E72E /* TESTArduinoColorPicker.swift in Sources */,
				BE94506C28358B250000ED7A /* GenericDetailView.swift in Sources */,
				BE6DB5CD27F7B16300044F5D /* RFRemoteView.swift in Sources */,
				BE98FBBA27DA964E008D3ABD /* FirebaseViewModel.swift in Sources */,
				BEBAA92828965A9D00D0D525 /* FirebaseArduinoControl.swift in Sources */,
				BECC3AC228BD59600027006B /* FirebaseArduinoStatistics.swift in Sources */,
				BE307E4D2B9E6ECA0019E72E /* FirebaseTestFunction.swift in Sources */,
				BE98FBD027DC0B10008D3ABD /* FirebaseListRowView.swift in Sources */,
				BE307E272B9E38CE0019E72E /* Constants.swift in Sources */,
				BE98FBCA27DBDE72008D3ABD /* FirebaseHomeView.swift in Sources */,
				BECC3ABF28BD511A0027006B /* ArduinoStatisticsView.swift in Sources */,
				BE307E252B9E38370019E72E /* UserSettings.swift in Sources */,
				BEC6E64927B852E7003AD041 /* Project_Shangri_LaApp.swift in Sources */,
				BEA58BE7284950EC0053A200 /* SolenoidControlView.swift in Sources */,
				BE307E462B9E41030019E72E /* CommandPanelView.swift in Sources */,
				BEE7BD7028B049CB0018138D /* GenericViewSettings.swift in Sources */,
				BE4D674828C6D1D70049DF40 /* HapticManager.swift in Sources */,
				BEBAA92B2896F96500D0D525 /* ArduinoModel.swift in Sources */,
				BE3F57C528187DBE00753C3E /* FirebaseDataRetreivalForInterval.swift in Sources */,
				BE98FBC727DAD073008D3ABD /* UnixConversion.swift in Sources */,
				BE98FBBE27DA97D0008D3ABD /* FirebaseDataService.swift in Sources */,
				BEBAA92528964EAF00D0D525 /* ArduinoControlView.swift in Sources */,
				BE9450692832F1E70000ED7A /* FirebaseSolenoidControl.swift in Sources */,
				BE52EBBF2877930300EED465 /* WeatherKitViewTest.swift in Sources */,
				BE593BD727D69E6400246BE4 /* Color.swift in Sources */,
				BECC3AC528BD73010027006B /* ArduinoStatisticsModel.swift in Sources */,
			);
			runOnlyForDeploymentPostprocessing = 0;
		};
/* End PBXSourcesBuildPhase section */

/* Begin XCBuildConfiguration section */
		BEC6E64F27B852E7003AD041 /* Debug */ = {
			isa = XCBuildConfiguration;
			buildSettings = {
				ALWAYS_SEARCH_USER_PATHS = NO;
				CLANG_ANALYZER_NONNULL = YES;
				CLANG_ANALYZER_NUMBER_OBJECT_CONVERSION = YES_AGGRESSIVE;
				CLANG_CXX_LANGUAGE_STANDARD = "gnu++17";
				CLANG_CXX_LIBRARY = "libc++";
				CLANG_ENABLE_MODULES = YES;
				CLANG_ENABLE_OBJC_ARC = YES;
				CLANG_ENABLE_OBJC_WEAK = YES;
				CLANG_WARN_BLOCK_CAPTURE_AUTORELEASING = YES;
				CLANG_WARN_BOOL_CONVERSION = YES;
				CLANG_WARN_COMMA = YES;
				CLANG_WARN_CONSTANT_CONVERSION = YES;
				CLANG_WARN_DEPRECATED_OBJC_IMPLEMENTATIONS = YES;
				CLANG_WARN_DIRECT_OBJC_ISA_USAGE = YES_ERROR;
				CLANG_WARN_DOCUMENTATION_COMMENTS = YES;
				CLANG_WARN_EMPTY_BODY = YES;
				CLANG_WARN_ENUM_CONVERSION = YES;
				CLANG_WARN_INFINITE_RECURSION = YES;
				CLANG_WARN_INT_CONVERSION = YES;
				CLANG_WARN_NON_LITERAL_NULL_CONVERSION = YES;
				CLANG_WARN_OBJC_IMPLICIT_RETAIN_SELF = YES;
				CLANG_WARN_OBJC_LITERAL_CONVERSION = YES;
				CLANG_WARN_OBJC_ROOT_CLASS = YES_ERROR;
				CLANG_WARN_QUOTED_INCLUDE_IN_FRAMEWORK_HEADER = YES;
				CLANG_WARN_RANGE_LOOP_ANALYSIS = YES;
				CLANG_WARN_STRICT_PROTOTYPES = YES;
				CLANG_WARN_SUSPICIOUS_MOVE = YES;
				CLANG_WARN_UNGUARDED_AVAILABILITY = YES_AGGRESSIVE;
				CLANG_WARN_UNREACHABLE_CODE = YES;
				CLANG_WARN__DUPLICATE_METHOD_MATCH = YES;
				COPY_PHASE_STRIP = NO;
				DEBUG_INFORMATION_FORMAT = dwarf;
				ENABLE_STRICT_OBJC_MSGSEND = YES;
				ENABLE_TESTABILITY = YES;
				GCC_C_LANGUAGE_STANDARD = gnu11;
				GCC_DYNAMIC_NO_PIC = NO;
				GCC_NO_COMMON_BLOCKS = YES;
				GCC_OPTIMIZATION_LEVEL = 0;
				GCC_PREPROCESSOR_DEFINITIONS = (
					"DEBUG=1",
					"$(inherited)",
				);
				GCC_WARN_64_TO_32_BIT_CONVERSION = YES;
				GCC_WARN_ABOUT_RETURN_TYPE = YES_ERROR;
				GCC_WARN_UNDECLARED_SELECTOR = YES;
				GCC_WARN_UNINITIALIZED_AUTOS = YES_AGGRESSIVE;
				GCC_WARN_UNUSED_FUNCTION = YES;
				GCC_WARN_UNUSED_VARIABLE = YES;
				IPHONEOS_DEPLOYMENT_TARGET = 16.0;
				MTL_ENABLE_DEBUG_INFO = INCLUDE_SOURCE;
				MTL_FAST_MATH = YES;
				ONLY_ACTIVE_ARCH = YES;
				SWIFT_ACTIVE_COMPILATION_CONDITIONS = DEBUG;
				SWIFT_OPTIMIZATION_LEVEL = "-Onone";
			};
			name = Debug;
		};
		BEC6E65027B852E7003AD041 /* Release */ = {
			isa = XCBuildConfiguration;
			buildSettings = {
				ALWAYS_SEARCH_USER_PATHS = NO;
				CLANG_ANALYZER_NONNULL = YES;
				CLANG_ANALYZER_NUMBER_OBJECT_CONVERSION = YES_AGGRESSIVE;
				CLANG_CXX_LANGUAGE_STANDARD = "gnu++17";
				CLANG_CXX_LIBRARY = "libc++";
				CLANG_ENABLE_MODULES = YES;
				CLANG_ENABLE_OBJC_ARC = YES;
				CLANG_ENABLE_OBJC_WEAK = YES;
				CLANG_WARN_BLOCK_CAPTURE_AUTORELEASING = YES;
				CLANG_WARN_BOOL_CONVERSION = YES;
				CLANG_WARN_COMMA = YES;
				CLANG_WARN_CONSTANT_CONVERSION = YES;
				CLANG_WARN_DEPRECATED_OBJC_IMPLEMENTATIONS = YES;
				CLANG_WARN_DIRECT_OBJC_ISA_USAGE = YES_ERROR;
				CLANG_WARN_DOCUMENTATION_COMMENTS = YES;
				CLANG_WARN_EMPTY_BODY = YES;
				CLANG_WARN_ENUM_CONVERSION = YES;
				CLANG_WARN_INFINITE_RECURSION = YES;
				CLANG_WARN_INT_CONVERSION = YES;
				CLANG_WARN_NON_LITERAL_NULL_CONVERSION = YES;
				CLANG_WARN_OBJC_IMPLICIT_RETAIN_SELF = YES;
				CLANG_WARN_OBJC_LITERAL_CONVERSION = YES;
				CLANG_WARN_OBJC_ROOT_CLASS = YES_ERROR;
				CLANG_WARN_QUOTED_INCLUDE_IN_FRAMEWORK_HEADER = YES;
				CLANG_WARN_RANGE_LOOP_ANALYSIS = YES;
				CLANG_WARN_STRICT_PROTOTYPES = YES;
				CLANG_WARN_SUSPICIOUS_MOVE = YES;
				CLANG_WARN_UNGUARDED_AVAILABILITY = YES_AGGRESSIVE;
				CLANG_WARN_UNREACHABLE_CODE = YES;
				CLANG_WARN__DUPLICATE_METHOD_MATCH = YES;
				COPY_PHASE_STRIP = NO;
				DEBUG_INFORMATION_FORMAT = "dwarf-with-dsym";
				ENABLE_NS_ASSERTIONS = NO;
				ENABLE_STRICT_OBJC_MSGSEND = YES;
				GCC_C_LANGUAGE_STANDARD = gnu11;
				GCC_NO_COMMON_BLOCKS = YES;
				GCC_WARN_64_TO_32_BIT_CONVERSION = YES;
				GCC_WARN_ABOUT_RETURN_TYPE = YES_ERROR;
				GCC_WARN_UNDECLARED_SELECTOR = YES;
				GCC_WARN_UNINITIALIZED_AUTOS = YES_AGGRESSIVE;
				GCC_WARN_UNUSED_FUNCTION = YES;
				GCC_WARN_UNUSED_VARIABLE = YES;
				IPHONEOS_DEPLOYMENT_TARGET = 16.0;
				MTL_ENABLE_DEBUG_INFO = NO;
				MTL_FAST_MATH = YES;
				SWIFT_COMPILATION_MODE = wholemodule;
				SWIFT_OPTIMIZATION_LEVEL = "-O";
			};
			name = Release;
		};
		BEC6E65227B852E7003AD041 /* Debug */ = {
			isa = XCBuildConfiguration;
			buildSettings = {
				ALWAYS_EMBED_SWIFT_STANDARD_LIBRARIES = YES;
				ASSETCATALOG_COMPILER_APPICON_NAME = AppIcon;
				ASSETCATALOG_COMPILER_GLOBAL_ACCENT_COLOR_NAME = AccentColor;
				CODE_SIGN_ENTITLEMENTS = "Project-Shangri-La (iOS).entitlements";
				CODE_SIGN_STYLE = Automatic;
				CURRENT_PROJECT_VERSION = 1;
				DEVELOPMENT_TEAM = MMFJ246YZU;
				ENABLE_PREVIEWS = YES;
				GENERATE_INFOPLIST_FILE = YES;
				INFOPLIST_FILE = "Project-Shangri-La--iOS--Info.plist";
				INFOPLIST_KEY_LSApplicationCategoryType = "public.app-category.developer-tools";
				INFOPLIST_KEY_NSLocationAlwaysAndWhenInUseUsageDescription = "Project Shangri-La would like to access your current location for WeatherKit API purposes.";
				INFOPLIST_KEY_NSLocationWhenInUseUsageDescription = "Project Shangri-La would like to access your current location during application use.";
				INFOPLIST_KEY_UIApplicationSceneManifest_Generation = YES;
				INFOPLIST_KEY_UIApplicationSupportsIndirectInputEvents = YES;
				INFOPLIST_KEY_UILaunchStoryboardName = LaunchScreen;
				INFOPLIST_KEY_UISupportedInterfaceOrientations = UIInterfaceOrientationPortrait;
				IPHONEOS_DEPLOYMENT_TARGET = 16.0;
				LD_RUNPATH_SEARCH_PATHS = (
					"$(inherited)",
					"@executable_path/Frameworks",
				);
				MARKETING_VERSION = 1.0;
				PRODUCT_BUNDLE_IDENTIFIER = "Dooie.Project-Shangri-La";
				PRODUCT_NAME = "Project-Shangri-La";
				SDKROOT = iphoneos;
				SUPPORTED_PLATFORMS = "iphoneos iphonesimulator";
				SUPPORTS_MACCATALYST = NO;
				SUPPORTS_MAC_DESIGNED_FOR_IPHONE_IPAD = NO;
				SUPPORTS_XR_DESIGNED_FOR_IPHONE_IPAD = NO;
				SWIFT_EMIT_LOC_STRINGS = YES;
				SWIFT_VERSION = 5.0;
				TARGETED_DEVICE_FAMILY = 1;
			};
			name = Debug;
		};
		BEC6E65327B852E7003AD041 /* Release */ = {
			isa = XCBuildConfiguration;
			buildSettings = {
				ALWAYS_EMBED_SWIFT_STANDARD_LIBRARIES = YES;
				ASSETCATALOG_COMPILER_APPICON_NAME = AppIcon;
				ASSETCATALOG_COMPILER_GLOBAL_ACCENT_COLOR_NAME = AccentColor;
				CODE_SIGN_ENTITLEMENTS = "Project-Shangri-La (iOS).entitlements";
				CODE_SIGN_STYLE = Automatic;
				CURRENT_PROJECT_VERSION = 1;
				DEVELOPMENT_TEAM = MMFJ246YZU;
				ENABLE_PREVIEWS = YES;
				GENERATE_INFOPLIST_FILE = YES;
				INFOPLIST_FILE = "Project-Shangri-La--iOS--Info.plist";
				INFOPLIST_KEY_LSApplicationCategoryType = "public.app-category.developer-tools";
				INFOPLIST_KEY_NSLocationAlwaysAndWhenInUseUsageDescription = "Project Shangri-La would like to access your current location for WeatherKit API purposes.";
				INFOPLIST_KEY_NSLocationWhenInUseUsageDescription = "Project Shangri-La would like to access your current location during application use.";
				INFOPLIST_KEY_UIApplicationSceneManifest_Generation = YES;
				INFOPLIST_KEY_UIApplicationSupportsIndirectInputEvents = YES;
				INFOPLIST_KEY_UILaunchStoryboardName = LaunchScreen;
				INFOPLIST_KEY_UISupportedInterfaceOrientations = UIInterfaceOrientationPortrait;
				IPHONEOS_DEPLOYMENT_TARGET = 16.0;
				LD_RUNPATH_SEARCH_PATHS = (
					"$(inherited)",
					"@executable_path/Frameworks",
				);
				MARKETING_VERSION = 1.0;
				PRODUCT_BUNDLE_IDENTIFIER = "Dooie.Project-Shangri-La";
				PRODUCT_NAME = "Project-Shangri-La";
				SDKROOT = iphoneos;
				SUPPORTED_PLATFORMS = "iphoneos iphonesimulator";
				SUPPORTS_MACCATALYST = NO;
				SUPPORTS_MAC_DESIGNED_FOR_IPHONE_IPAD = NO;
				SUPPORTS_XR_DESIGNED_FOR_IPHONE_IPAD = NO;
				SWIFT_EMIT_LOC_STRINGS = YES;
				SWIFT_VERSION = 5.0;
				TARGETED_DEVICE_FAMILY = 1;
				VALIDATE_PRODUCT = YES;
			};
			name = Release;
		};
/* End XCBuildConfiguration section */

/* Begin XCConfigurationList section */
		BEC6E63727B852E6003AD041 /* Build configuration list for PBXProject "Project-Shangri-La" */ = {
			isa = XCConfigurationList;
			buildConfigurations = (
				BEC6E64F27B852E7003AD041 /* Debug */,
				BEC6E65027B852E7003AD041 /* Release */,
			);
			defaultConfigurationIsVisible = 0;
			defaultConfigurationName = Release;
		};
		BEC6E65127B852E7003AD041 /* Build configuration list for PBXNativeTarget "Project-Shangri-La (iOS)" */ = {
			isa = XCConfigurationList;
			buildConfigurations = (
				BEC6E65227B852E7003AD041 /* Debug */,
				BEC6E65327B852E7003AD041 /* Release */,
			);
			defaultConfigurationIsVisible = 0;
			defaultConfigurationName = Release;
		};
/* End XCConfigurationList section */

/* Begin XCRemoteSwiftPackageReference section */
		BE307E112B9E23260019E72E /* XCRemoteSwiftPackageReference "firebase-ios-sdk" */ = {
			isa = XCRemoteSwiftPackageReference;
			repositoryURL = "https://github.com/firebase/firebase-ios-sdk.git";
			requirement = {
				kind = versionRange;
				maximumVersion = 9.0.0;
				minimumVersion = 8.0.0;
			};
		};
		BE307E1D2B9E2FDA0019E72E /* XCRemoteSwiftPackageReference "swift-collections" */ = {
			isa = XCRemoteSwiftPackageReference;
			repositoryURL = "https://github.com/apple/swift-collections.git";
			requirement = {
				kind = upToNextMajorVersion;
				minimumVersion = 1.1.0;
			};
		};
		BE307E732BABABCE0019E72E /* XCRemoteSwiftPackageReference "ChartView" */ = {
			isa = XCRemoteSwiftPackageReference;
			repositoryURL = "https://github.com/dooiee/ChartView";
			requirement = {
				branch = master;
				kind = branch;
			};
		};
/* End XCRemoteSwiftPackageReference section */

/* Begin XCSwiftPackageProductDependency section */
		BE307E122B9E2ED40019E72E /* FirebaseAuth */ = {
			isa = XCSwiftPackageProductDependency;
			package = BE307E112B9E23260019E72E /* XCRemoteSwiftPackageReference "firebase-ios-sdk" */;
			productName = FirebaseAuth;
		};
		BE307E142B9E2ED90019E72E /* FirebaseDatabase */ = {
			isa = XCSwiftPackageProductDependency;
			package = BE307E112B9E23260019E72E /* XCRemoteSwiftPackageReference "firebase-ios-sdk" */;
			productName = FirebaseDatabase;
		};
		BE307E162B9E2EDE0019E72E /* FirebaseDatabaseSwift-Beta */ = {
			isa = XCSwiftPackageProductDependency;
			package = BE307E112B9E23260019E72E /* XCRemoteSwiftPackageReference "firebase-ios-sdk" */;
			productName = "FirebaseDatabaseSwift-Beta";
		};
		BE307E1E2B9E2FDA0019E72E /* Collections */ = {
			isa = XCSwiftPackageProductDependency;
			package = BE307E1D2B9E2FDA0019E72E /* XCRemoteSwiftPackageReference "swift-collections" */;
			productName = Collections;
		};
		BE307E202B9E2FDA0019E72E /* DequeModule */ = {
			isa = XCSwiftPackageProductDependency;
			package = BE307E1D2B9E2FDA0019E72E /* XCRemoteSwiftPackageReference "swift-collections" */;
			productName = DequeModule;
		};
		BE307E222B9E2FDA0019E72E /* OrderedCollections */ = {
			isa = XCSwiftPackageProductDependency;
			package = BE307E1D2B9E2FDA0019E72E /* XCRemoteSwiftPackageReference "swift-collections" */;
			productName = OrderedCollections;
		};
		BE307E742BABABCE0019E72E /* SwiftUICharts */ = {
			isa = XCSwiftPackageProductDependency;
			package = BE307E732BABABCE0019E72E /* XCRemoteSwiftPackageReference "ChartView" */;
			productName = SwiftUICharts;
		};
/* End XCSwiftPackageProductDependency section */
	};
	rootObject = BEC6E63427B852E6003AD041 /* Project object */;
}
